// !$*UTF8*$!
{
	archiveVersion = 1;
	classes = {
	};
	objectVersion = 46;
	objects = {

/* Begin PBXBuildFile section */
		8B2107FF1F789D570067A4A7 /* geometry-shader.txt in Resources */ = {isa = PBXBuildFile; fileRef = 8B2107FE1F789D570067A4A7 /* geometry-shader.txt */; };
		8B2DE6ED1F25A2A1005E6D6C /* OpenGL.framework in Frameworks */ = {isa = PBXBuildFile; fileRef = 8B2DE6EC1F25A2A1005E6D6C /* OpenGL.framework */; };
		8B2DE6EF1F25A2B3005E6D6C /* QuartzCore.framework in Frameworks */ = {isa = PBXBuildFile; fileRef = 8B2DE6EE1F25A2B3005E6D6C /* QuartzCore.framework */; };
		8B2DE6F11F25A2BA005E6D6C /* Cocoa.framework in Frameworks */ = {isa = PBXBuildFile; fileRef = 8B2DE6F01F25A2BA005E6D6C /* Cocoa.framework */; };
		8B2DE6F31F25A2C7005E6D6C /* IOKit.framework in Frameworks */ = {isa = PBXBuildFile; fileRef = 8B2DE6F21F25A2C7005E6D6C /* IOKit.framework */; };
		8B2DEA031F25B1EE005E6D6C /* fragment-shader.txt in Resources */ = {isa = PBXBuildFile; fileRef = 8B2DEA011F25B1EE005E6D6C /* fragment-shader.txt */; };
		8B2DEA041F25B1EE005E6D6C /* vertex-shader.txt in Resources */ = {isa = PBXBuildFile; fileRef = 8B2DEA021F25B1EE005E6D6C /* vertex-shader.txt */; };
		8B2DEC841F25C33C005E6D6C /* libglfw3.a in Frameworks */ = {isa = PBXBuildFile; fileRef = 8B2DEAEE1F25C33C005E6D6C /* libglfw3.a */; };
		8B2DEC851F25C33C005E6D6C /* platform_osx.mm in Sources */ = {isa = PBXBuildFile; fileRef = 8B2DEAEF1F25C33C005E6D6C /* platform_osx.mm */; };
		8B2DED1D1F25C410005E6D6C /* glew.c in Sources */ = {isa = PBXBuildFile; fileRef = 8B2DED1C1F25C410005E6D6C /* glew.c */; };
		8B2DED1F1F25CC31005E6D6C /* main.cpp in Sources */ = {isa = PBXBuildFile; fileRef = 8B2DED1E1F25CC31005E6D6C /* main.cpp */; };
		8B2DED291F272A07005E6D6C /* PfCOglObject.cpp in Sources */ = {isa = PBXBuildFile; fileRef = 8B2DED271F272A07005E6D6C /* PfCOglObject.cpp */; };
		8B978E541F9D99A300BB2AA0 /* PfCOglBatch.cpp in Sources */ = {isa = PBXBuildFile; fileRef = 8B978E521F9D99A300BB2AA0 /* PfCOglBatch.cpp */; };
		8B978E571F9DC3A300BB2AA0 /* PfCOglTriangleBatch.cpp in Sources */ = {isa = PBXBuildFile; fileRef = 8B978E551F9DC3A300BB2AA0 /* PfCOglTriangleBatch.cpp */; };
		8B978E591F9DCB9600BB2AA0 /* math3d.cpp in Sources */ = {isa = PBXBuildFile; fileRef = 8B978E581F9DCB9600BB2AA0 /* math3d.cpp */; };
		8B978E5A1F9DD33000BB2AA0 /* math3d.cpp in Sources */ = {isa = PBXBuildFile; fileRef = 8B978E581F9DCB9600BB2AA0 /* math3d.cpp */; };
		8B978E5B1F9DD34200BB2AA0 /* PfCOglTool.cpp in Sources */ = {isa = PBXBuildFile; fileRef = 8BF5EB2E1F9CD98700D021C2 /* PfCOglTool.cpp */; };
		8B978E5C1F9DD34900BB2AA0 /* PfCOglBatch.cpp in Sources */ = {isa = PBXBuildFile; fileRef = 8B978E521F9D99A300BB2AA0 /* PfCOglBatch.cpp */; };
		8B978E5D1F9DD34D00BB2AA0 /* PfCOglTriangleBatch.cpp in Sources */ = {isa = PBXBuildFile; fileRef = 8B978E551F9DC3A300BB2AA0 /* PfCOglTriangleBatch.cpp */; };
		8B978E741F9DD66200BB2AA0 /* PfCOglProgram.cpp in Sources */ = {isa = PBXBuildFile; fileRef = 8BEA39DD1F297A6D00CAF2C8 /* PfCOglProgram.cpp */; };
		8B978E751F9DD66200BB2AA0 /* PfCOglObject.cpp in Sources */ = {isa = PBXBuildFile; fileRef = 8B2DED271F272A07005E6D6C /* PfCOglObject.cpp */; };
		8B978E761F9DD66200BB2AA0 /* PfCOglShader.cpp in Sources */ = {isa = PBXBuildFile; fileRef = 8BCC5B861F297E4200361EE5 /* PfCOglShader.cpp */; };
		8B978E771F9DD66200BB2AA0 /* PfCOglBitmap.cpp in Sources */ = {isa = PBXBuildFile; fileRef = 8BCC5B891F297E8A00361EE5 /* PfCOglBitmap.cpp */; };
		8B978E781F9DD66200BB2AA0 /* PfCOglTexture.cpp in Sources */ = {isa = PBXBuildFile; fileRef = 8BCC5B8C1F297EF400361EE5 /* PfCOglTexture.cpp */; };
		8B978E791F9DD66200BB2AA0 /* PfCOglCamera.cpp in Sources */ = {isa = PBXBuildFile; fileRef = 8BCC5B8F1F297F4400361EE5 /* PfCOglCamera.cpp */; };
		8B978E7A1F9DD66200BB2AA0 /* PfCOglModelAsset.cpp in Sources */ = {isa = PBXBuildFile; fileRef = 8BCC5B921F29896600361EE5 /* PfCOglModelAsset.cpp */; };
		8B978E7B1F9DD66200BB2AA0 /* PfCOglBatch.cpp in Sources */ = {isa = PBXBuildFile; fileRef = 8B978E521F9D99A300BB2AA0 /* PfCOglBatch.cpp */; };
		8B978E7C1F9DD66200BB2AA0 /* PfCOglModelInstance.cpp in Sources */ = {isa = PBXBuildFile; fileRef = 8BCC5B951F29897800361EE5 /* PfCOglModelInstance.cpp */; };
		8B978E7D1F9DD66200BB2AA0 /* PfCOglTriangleBatch.cpp in Sources */ = {isa = PBXBuildFile; fileRef = 8B978E551F9DC3A300BB2AA0 /* PfCOglTriangleBatch.cpp */; };
		8B978E7E1F9DD66200BB2AA0 /* PfCOglLight.cpp in Sources */ = {isa = PBXBuildFile; fileRef = 8BCC5B981F298ADE00361EE5 /* PfCOglLight.cpp */; };
		8B978E7F1F9DD66200BB2AA0 /* math3d.cpp in Sources */ = {isa = PBXBuildFile; fileRef = 8B978E581F9DCB9600BB2AA0 /* math3d.cpp */; };
		8B978E801F9DD66200BB2AA0 /* glew.c in Sources */ = {isa = PBXBuildFile; fileRef = 8B2DED1C1F25C410005E6D6C /* glew.c */; };
		8B978E811F9DD66200BB2AA0 /* PfCOglTool.cpp in Sources */ = {isa = PBXBuildFile; fileRef = 8BF5EB2E1F9CD98700D021C2 /* PfCOglTool.cpp */; };
		8B978E821F9DD66200BB2AA0 /* platform_osx.mm in Sources */ = {isa = PBXBuildFile; fileRef = 8B2DEAEF1F25C33C005E6D6C /* platform_osx.mm */; };
		8B978E841F9DD66200BB2AA0 /* IOKit.framework in Frameworks */ = {isa = PBXBuildFile; fileRef = 8B2DE6F21F25A2C7005E6D6C /* IOKit.framework */; };
		8B978E851F9DD66200BB2AA0 /* libglfw3.a in Frameworks */ = {isa = PBXBuildFile; fileRef = 8B2DEAEE1F25C33C005E6D6C /* libglfw3.a */; };
		8B978E861F9DD66200BB2AA0 /* Cocoa.framework in Frameworks */ = {isa = PBXBuildFile; fileRef = 8B2DE6F01F25A2BA005E6D6C /* Cocoa.framework */; };
		8B978E871F9DD66200BB2AA0 /* OpenGL.framework in Frameworks */ = {isa = PBXBuildFile; fileRef = 8B2DE6EC1F25A2A1005E6D6C /* OpenGL.framework */; };
		8B978E881F9DD66200BB2AA0 /* QuartzCore.framework in Frameworks */ = {isa = PBXBuildFile; fileRef = 8B2DE6EE1F25A2B3005E6D6C /* QuartzCore.framework */; };
		8B978EA61F9DD6BB00BB2AA0 /* main.cpp in Sources */ = {isa = PBXBuildFile; fileRef = 8B978E9F1F9DD6BB00BB2AA0 /* main.cpp */; };
		8B978EA91F9ED65B00BB2AA0 /* PfCOglProgram.cpp in Sources */ = {isa = PBXBuildFile; fileRef = 8BEA39DD1F297A6D00CAF2C8 /* PfCOglProgram.cpp */; };
		8B978EAA1F9ED65B00BB2AA0 /* PfCOglObject.cpp in Sources */ = {isa = PBXBuildFile; fileRef = 8B2DED271F272A07005E6D6C /* PfCOglObject.cpp */; };
		8B978EAB1F9ED65B00BB2AA0 /* PfCOglShader.cpp in Sources */ = {isa = PBXBuildFile; fileRef = 8BCC5B861F297E4200361EE5 /* PfCOglShader.cpp */; };
		8B978EAC1F9ED65B00BB2AA0 /* PfCOglBitmap.cpp in Sources */ = {isa = PBXBuildFile; fileRef = 8BCC5B891F297E8A00361EE5 /* PfCOglBitmap.cpp */; };
		8B978EAD1F9ED65B00BB2AA0 /* PfCOglTexture.cpp in Sources */ = {isa = PBXBuildFile; fileRef = 8BCC5B8C1F297EF400361EE5 /* PfCOglTexture.cpp */; };
		8B978EAE1F9ED65B00BB2AA0 /* PfCOglCamera.cpp in Sources */ = {isa = PBXBuildFile; fileRef = 8BCC5B8F1F297F4400361EE5 /* PfCOglCamera.cpp */; };
		8B978EAF1F9ED65B00BB2AA0 /* PfCOglModelAsset.cpp in Sources */ = {isa = PBXBuildFile; fileRef = 8BCC5B921F29896600361EE5 /* PfCOglModelAsset.cpp */; };
		8B978EB01F9ED65B00BB2AA0 /* PfCOglBatch.cpp in Sources */ = {isa = PBXBuildFile; fileRef = 8B978E521F9D99A300BB2AA0 /* PfCOglBatch.cpp */; };
		8B978EB11F9ED65B00BB2AA0 /* PfCOglModelInstance.cpp in Sources */ = {isa = PBXBuildFile; fileRef = 8BCC5B951F29897800361EE5 /* PfCOglModelInstance.cpp */; };
		8B978EB21F9ED65B00BB2AA0 /* PfCOglTriangleBatch.cpp in Sources */ = {isa = PBXBuildFile; fileRef = 8B978E551F9DC3A300BB2AA0 /* PfCOglTriangleBatch.cpp */; };
		8B978EB31F9ED65B00BB2AA0 /* PfCOglLight.cpp in Sources */ = {isa = PBXBuildFile; fileRef = 8BCC5B981F298ADE00361EE5 /* PfCOglLight.cpp */; };
		8B978EB41F9ED65B00BB2AA0 /* math3d.cpp in Sources */ = {isa = PBXBuildFile; fileRef = 8B978E581F9DCB9600BB2AA0 /* math3d.cpp */; };
		8B978EB51F9ED65B00BB2AA0 /* glew.c in Sources */ = {isa = PBXBuildFile; fileRef = 8B2DED1C1F25C410005E6D6C /* glew.c */; };
		8B978EB61F9ED65B00BB2AA0 /* PfCOglTool.cpp in Sources */ = {isa = PBXBuildFile; fileRef = 8BF5EB2E1F9CD98700D021C2 /* PfCOglTool.cpp */; };
		8B978EB81F9ED65B00BB2AA0 /* platform_osx.mm in Sources */ = {isa = PBXBuildFile; fileRef = 8B2DEAEF1F25C33C005E6D6C /* platform_osx.mm */; };
		8B978EBA1F9ED65B00BB2AA0 /* IOKit.framework in Frameworks */ = {isa = PBXBuildFile; fileRef = 8B2DE6F21F25A2C7005E6D6C /* IOKit.framework */; };
		8B978EBB1F9ED65B00BB2AA0 /* libglfw3.a in Frameworks */ = {isa = PBXBuildFile; fileRef = 8B2DEAEE1F25C33C005E6D6C /* libglfw3.a */; };
		8B978EBC1F9ED65B00BB2AA0 /* Cocoa.framework in Frameworks */ = {isa = PBXBuildFile; fileRef = 8B2DE6F01F25A2BA005E6D6C /* Cocoa.framework */; };
		8B978EBD1F9ED65B00BB2AA0 /* OpenGL.framework in Frameworks */ = {isa = PBXBuildFile; fileRef = 8B2DE6EC1F25A2A1005E6D6C /* OpenGL.framework */; };
		8B978EBE1F9ED65B00BB2AA0 /* QuartzCore.framework in Frameworks */ = {isa = PBXBuildFile; fileRef = 8B2DE6EE1F25A2B3005E6D6C /* QuartzCore.framework */; };
		8B978EC81F9ED84200BB2AA0 /* main.cpp in Sources */ = {isa = PBXBuildFile; fileRef = 8B978EC71F9ED84100BB2AA0 /* main.cpp */; };
		8B978ECC1F9EE67A00BB2AA0 /* PfCOglProgram.cpp in Sources */ = {isa = PBXBuildFile; fileRef = 8BEA39DD1F297A6D00CAF2C8 /* PfCOglProgram.cpp */; };
		8B978ECD1F9EE67A00BB2AA0 /* PfCOglObject.cpp in Sources */ = {isa = PBXBuildFile; fileRef = 8B2DED271F272A07005E6D6C /* PfCOglObject.cpp */; };
		8B978ECE1F9EE67A00BB2AA0 /* PfCOglShader.cpp in Sources */ = {isa = PBXBuildFile; fileRef = 8BCC5B861F297E4200361EE5 /* PfCOglShader.cpp */; };
		8B978ECF1F9EE67A00BB2AA0 /* PfCOglBitmap.cpp in Sources */ = {isa = PBXBuildFile; fileRef = 8BCC5B891F297E8A00361EE5 /* PfCOglBitmap.cpp */; };
		8B978ED01F9EE67A00BB2AA0 /* PfCOglTexture.cpp in Sources */ = {isa = PBXBuildFile; fileRef = 8BCC5B8C1F297EF400361EE5 /* PfCOglTexture.cpp */; };
		8B978ED11F9EE67A00BB2AA0 /* PfCOglCamera.cpp in Sources */ = {isa = PBXBuildFile; fileRef = 8BCC5B8F1F297F4400361EE5 /* PfCOglCamera.cpp */; };
		8B978ED21F9EE67A00BB2AA0 /* PfCOglModelAsset.cpp in Sources */ = {isa = PBXBuildFile; fileRef = 8BCC5B921F29896600361EE5 /* PfCOglModelAsset.cpp */; };
		8B978ED31F9EE67A00BB2AA0 /* PfCOglBatch.cpp in Sources */ = {isa = PBXBuildFile; fileRef = 8B978E521F9D99A300BB2AA0 /* PfCOglBatch.cpp */; };
		8B978ED41F9EE67A00BB2AA0 /* PfCOglModelInstance.cpp in Sources */ = {isa = PBXBuildFile; fileRef = 8BCC5B951F29897800361EE5 /* PfCOglModelInstance.cpp */; };
		8B978ED51F9EE67A00BB2AA0 /* PfCOglTriangleBatch.cpp in Sources */ = {isa = PBXBuildFile; fileRef = 8B978E551F9DC3A300BB2AA0 /* PfCOglTriangleBatch.cpp */; };
		8B978ED61F9EE67A00BB2AA0 /* PfCOglLight.cpp in Sources */ = {isa = PBXBuildFile; fileRef = 8BCC5B981F298ADE00361EE5 /* PfCOglLight.cpp */; };
		8B978ED71F9EE67A00BB2AA0 /* math3d.cpp in Sources */ = {isa = PBXBuildFile; fileRef = 8B978E581F9DCB9600BB2AA0 /* math3d.cpp */; };
		8B978ED81F9EE67A00BB2AA0 /* glew.c in Sources */ = {isa = PBXBuildFile; fileRef = 8B2DED1C1F25C410005E6D6C /* glew.c */; };
		8B978ED91F9EE67A00BB2AA0 /* PfCOglTool.cpp in Sources */ = {isa = PBXBuildFile; fileRef = 8BF5EB2E1F9CD98700D021C2 /* PfCOglTool.cpp */; };
		8B978EDB1F9EE67A00BB2AA0 /* platform_osx.mm in Sources */ = {isa = PBXBuildFile; fileRef = 8B2DEAEF1F25C33C005E6D6C /* platform_osx.mm */; };
		8B978EDD1F9EE67A00BB2AA0 /* IOKit.framework in Frameworks */ = {isa = PBXBuildFile; fileRef = 8B2DE6F21F25A2C7005E6D6C /* IOKit.framework */; };
		8B978EDE1F9EE67A00BB2AA0 /* libglfw3.a in Frameworks */ = {isa = PBXBuildFile; fileRef = 8B2DEAEE1F25C33C005E6D6C /* libglfw3.a */; };
		8B978EDF1F9EE67A00BB2AA0 /* Cocoa.framework in Frameworks */ = {isa = PBXBuildFile; fileRef = 8B2DE6F01F25A2BA005E6D6C /* Cocoa.framework */; };
		8B978EE01F9EE67A00BB2AA0 /* OpenGL.framework in Frameworks */ = {isa = PBXBuildFile; fileRef = 8B2DE6EC1F25A2A1005E6D6C /* OpenGL.framework */; };
		8B978EE11F9EE67A00BB2AA0 /* QuartzCore.framework in Frameworks */ = {isa = PBXBuildFile; fileRef = 8B2DE6EE1F25A2B3005E6D6C /* QuartzCore.framework */; };
		8B978EED1F9F3B3500BB2AA0 /* main.cpp in Sources */ = {isa = PBXBuildFile; fileRef = 8B978EEC1F9F3B3500BB2AA0 /* main.cpp */; };
		8B978EF31FA2FEE900BB2AA0 /* PfCOglProgram.cpp in Sources */ = {isa = PBXBuildFile; fileRef = 8BEA39DD1F297A6D00CAF2C8 /* PfCOglProgram.cpp */; };
		8B978EF41FA2FEE900BB2AA0 /* PfCOglObject.cpp in Sources */ = {isa = PBXBuildFile; fileRef = 8B2DED271F272A07005E6D6C /* PfCOglObject.cpp */; };
		8B978EF51FA2FEE900BB2AA0 /* PfCOglShader.cpp in Sources */ = {isa = PBXBuildFile; fileRef = 8BCC5B861F297E4200361EE5 /* PfCOglShader.cpp */; };
		8B978EF61FA2FEE900BB2AA0 /* PfCOglBitmap.cpp in Sources */ = {isa = PBXBuildFile; fileRef = 8BCC5B891F297E8A00361EE5 /* PfCOglBitmap.cpp */; };
		8B978EF71FA2FEE900BB2AA0 /* PfCOglTexture.cpp in Sources */ = {isa = PBXBuildFile; fileRef = 8BCC5B8C1F297EF400361EE5 /* PfCOglTexture.cpp */; };
		8B978EF91FA2FEE900BB2AA0 /* PfCOglCamera.cpp in Sources */ = {isa = PBXBuildFile; fileRef = 8BCC5B8F1F297F4400361EE5 /* PfCOglCamera.cpp */; };
		8B978EFA1FA2FEE900BB2AA0 /* PfCOglModelAsset.cpp in Sources */ = {isa = PBXBuildFile; fileRef = 8BCC5B921F29896600361EE5 /* PfCOglModelAsset.cpp */; };
		8B978EFB1FA2FEE900BB2AA0 /* PfCOglBatch.cpp in Sources */ = {isa = PBXBuildFile; fileRef = 8B978E521F9D99A300BB2AA0 /* PfCOglBatch.cpp */; };
		8B978EFC1FA2FEE900BB2AA0 /* PfCOglModelInstance.cpp in Sources */ = {isa = PBXBuildFile; fileRef = 8BCC5B951F29897800361EE5 /* PfCOglModelInstance.cpp */; };
		8B978EFD1FA2FEE900BB2AA0 /* PfCOglTriangleBatch.cpp in Sources */ = {isa = PBXBuildFile; fileRef = 8B978E551F9DC3A300BB2AA0 /* PfCOglTriangleBatch.cpp */; };
		8B978EFE1FA2FEE900BB2AA0 /* PfCOglLight.cpp in Sources */ = {isa = PBXBuildFile; fileRef = 8BCC5B981F298ADE00361EE5 /* PfCOglLight.cpp */; };
		8B978EFF1FA2FEE900BB2AA0 /* math3d.cpp in Sources */ = {isa = PBXBuildFile; fileRef = 8B978E581F9DCB9600BB2AA0 /* math3d.cpp */; };
		8B978F001FA2FEE900BB2AA0 /* glew.c in Sources */ = {isa = PBXBuildFile; fileRef = 8B2DED1C1F25C410005E6D6C /* glew.c */; };
		8B978F011FA2FEE900BB2AA0 /* PfCOglTool.cpp in Sources */ = {isa = PBXBuildFile; fileRef = 8BF5EB2E1F9CD98700D021C2 /* PfCOglTool.cpp */; };
		8B978F021FA2FEE900BB2AA0 /* platform_osx.mm in Sources */ = {isa = PBXBuildFile; fileRef = 8B2DEAEF1F25C33C005E6D6C /* platform_osx.mm */; };
		8B978F041FA2FEE900BB2AA0 /* IOKit.framework in Frameworks */ = {isa = PBXBuildFile; fileRef = 8B2DE6F21F25A2C7005E6D6C /* IOKit.framework */; };
		8B978F051FA2FEE900BB2AA0 /* libglfw3.a in Frameworks */ = {isa = PBXBuildFile; fileRef = 8B2DEAEE1F25C33C005E6D6C /* libglfw3.a */; };
		8B978F061FA2FEE900BB2AA0 /* Cocoa.framework in Frameworks */ = {isa = PBXBuildFile; fileRef = 8B2DE6F01F25A2BA005E6D6C /* Cocoa.framework */; };
		8B978F071FA2FEE900BB2AA0 /* OpenGL.framework in Frameworks */ = {isa = PBXBuildFile; fileRef = 8B2DE6EC1F25A2A1005E6D6C /* OpenGL.framework */; };
		8B978F081FA2FEE900BB2AA0 /* QuartzCore.framework in Frameworks */ = {isa = PBXBuildFile; fileRef = 8B2DE6EE1F25A2B3005E6D6C /* QuartzCore.framework */; };
		8B978F121FA2FF7700BB2AA0 /* main.cpp in Sources */ = {isa = PBXBuildFile; fileRef = 8B978F111FA2FF7700BB2AA0 /* main.cpp */; };
		8BCC5B881F297E4200361EE5 /* PfCOglShader.cpp in Sources */ = {isa = PBXBuildFile; fileRef = 8BCC5B861F297E4200361EE5 /* PfCOglShader.cpp */; };
		8BCC5B8B1F297E8A00361EE5 /* PfCOglBitmap.cpp in Sources */ = {isa = PBXBuildFile; fileRef = 8BCC5B891F297E8A00361EE5 /* PfCOglBitmap.cpp */; };
		8BCC5B8E1F297EF400361EE5 /* PfCOglTexture.cpp in Sources */ = {isa = PBXBuildFile; fileRef = 8BCC5B8C1F297EF400361EE5 /* PfCOglTexture.cpp */; };
		8BCC5B911F297F4400361EE5 /* PfCOglCamera.cpp in Sources */ = {isa = PBXBuildFile; fileRef = 8BCC5B8F1F297F4400361EE5 /* PfCOglCamera.cpp */; };
		8BCC5B941F29896600361EE5 /* PfCOglModelAsset.cpp in Sources */ = {isa = PBXBuildFile; fileRef = 8BCC5B921F29896600361EE5 /* PfCOglModelAsset.cpp */; };
		8BCC5B971F29897800361EE5 /* PfCOglModelInstance.cpp in Sources */ = {isa = PBXBuildFile; fileRef = 8BCC5B951F29897800361EE5 /* PfCOglModelInstance.cpp */; };
		8BCC5B9A1F298ADE00361EE5 /* PfCOglLight.cpp in Sources */ = {isa = PBXBuildFile; fileRef = 8BCC5B981F298ADE00361EE5 /* PfCOglLight.cpp */; };
		8BDA55611F7E1B760042C4D9 /* glew.c in Sources */ = {isa = PBXBuildFile; fileRef = 8B2DED1C1F25C410005E6D6C /* glew.c */; };
		8BDA55661F7E1B760042C4D9 /* platform_osx.mm in Sources */ = {isa = PBXBuildFile; fileRef = 8B2DEAEF1F25C33C005E6D6C /* platform_osx.mm */; };
		8BDA556E1F7E1B760042C4D9 /* IOKit.framework in Frameworks */ = {isa = PBXBuildFile; fileRef = 8B2DE6F21F25A2C7005E6D6C /* IOKit.framework */; };
		8BDA556F1F7E1B760042C4D9 /* libglfw3.a in Frameworks */ = {isa = PBXBuildFile; fileRef = 8B2DEAEE1F25C33C005E6D6C /* libglfw3.a */; };
		8BDA55701F7E1B760042C4D9 /* Cocoa.framework in Frameworks */ = {isa = PBXBuildFile; fileRef = 8B2DE6F01F25A2BA005E6D6C /* Cocoa.framework */; };
		8BDA55711F7E1B760042C4D9 /* OpenGL.framework in Frameworks */ = {isa = PBXBuildFile; fileRef = 8B2DE6EC1F25A2A1005E6D6C /* OpenGL.framework */; };
		8BDA55721F7E1B760042C4D9 /* QuartzCore.framework in Frameworks */ = {isa = PBXBuildFile; fileRef = 8B2DE6EE1F25A2B3005E6D6C /* QuartzCore.framework */; };
		8BDA55A21F7E1C720042C4D9 /* PfCOglProgram.cpp in Sources */ = {isa = PBXBuildFile; fileRef = 8BEA39DD1F297A6D00CAF2C8 /* PfCOglProgram.cpp */; };
		8BDA55A41F7E1C720042C4D9 /* PfCOglObject.cpp in Sources */ = {isa = PBXBuildFile; fileRef = 8B2DED271F272A07005E6D6C /* PfCOglObject.cpp */; };
		8BDA55A61F7E1C720042C4D9 /* PfCOglShader.cpp in Sources */ = {isa = PBXBuildFile; fileRef = 8BCC5B861F297E4200361EE5 /* PfCOglShader.cpp */; };
		8BDA55A81F7E1C720042C4D9 /* PfCOglBitmap.cpp in Sources */ = {isa = PBXBuildFile; fileRef = 8BCC5B891F297E8A00361EE5 /* PfCOglBitmap.cpp */; };
		8BDA55AA1F7E1C720042C4D9 /* PfCOglTexture.cpp in Sources */ = {isa = PBXBuildFile; fileRef = 8BCC5B8C1F297EF400361EE5 /* PfCOglTexture.cpp */; };
		8BDA55AC1F7E1C720042C4D9 /* PfCOglCamera.cpp in Sources */ = {isa = PBXBuildFile; fileRef = 8BCC5B8F1F297F4400361EE5 /* PfCOglCamera.cpp */; };
		8BDA55AE1F7E1C720042C4D9 /* PfCOglModelAsset.cpp in Sources */ = {isa = PBXBuildFile; fileRef = 8BCC5B921F29896600361EE5 /* PfCOglModelAsset.cpp */; };
		8BDA55B01F7E1C720042C4D9 /* PfCOglModelInstance.cpp in Sources */ = {isa = PBXBuildFile; fileRef = 8BCC5B951F29897800361EE5 /* PfCOglModelInstance.cpp */; };
		8BDA55B21F7E1C720042C4D9 /* PfCOglLight.cpp in Sources */ = {isa = PBXBuildFile; fileRef = 8BCC5B981F298ADE00361EE5 /* PfCOglLight.cpp */; };
		8BDA55B61F7E1C910042C4D9 /* fragment-shader.txt in Resources */ = {isa = PBXBuildFile; fileRef = 8BDA557F1F7E1BEC0042C4D9 /* fragment-shader.txt */; };
		8BDA55B71F7E1C910042C4D9 /* geometry-shader.txt in Resources */ = {isa = PBXBuildFile; fileRef = 8BDA55811F7E1BEC0042C4D9 /* geometry-shader.txt */; };
		8BDA55B81F7E1C910042C4D9 /* tessellation_control.txt in Resources */ = {isa = PBXBuildFile; fileRef = 8BDA55821F7E1BEC0042C4D9 /* tessellation_control.txt */; };
		8BDA55B91F7E1C910042C4D9 /* tessellation_evaluation.txt in Resources */ = {isa = PBXBuildFile; fileRef = 8BDA55831F7E1BEC0042C4D9 /* tessellation_evaluation.txt */; };
		8BDA55BA1F7E1C910042C4D9 /* vertex-shader.txt in Resources */ = {isa = PBXBuildFile; fileRef = 8BDA55851F7E1BEC0042C4D9 /* vertex-shader.txt */; };
		8BDA55BC1F7E23BF0042C4D9 /* main.cpp in Sources */ = {isa = PBXBuildFile; fileRef = 8BDA558A1F7E1BEC0042C4D9 /* main.cpp */; };
		8BDA55C01F8A60120042C4D9 /* PfCOglProgram.cpp in Sources */ = {isa = PBXBuildFile; fileRef = 8BEA39DD1F297A6D00CAF2C8 /* PfCOglProgram.cpp */; };
		8BDA55C11F8A60120042C4D9 /* PfCOglObject.cpp in Sources */ = {isa = PBXBuildFile; fileRef = 8B2DED271F272A07005E6D6C /* PfCOglObject.cpp */; };
		8BDA55C21F8A60120042C4D9 /* PfCOglShader.cpp in Sources */ = {isa = PBXBuildFile; fileRef = 8BCC5B861F297E4200361EE5 /* PfCOglShader.cpp */; };
		8BDA55C31F8A60120042C4D9 /* PfCOglBitmap.cpp in Sources */ = {isa = PBXBuildFile; fileRef = 8BCC5B891F297E8A00361EE5 /* PfCOglBitmap.cpp */; };
		8BDA55C41F8A60120042C4D9 /* PfCOglTexture.cpp in Sources */ = {isa = PBXBuildFile; fileRef = 8BCC5B8C1F297EF400361EE5 /* PfCOglTexture.cpp */; };
		8BDA55C51F8A60120042C4D9 /* PfCOglCamera.cpp in Sources */ = {isa = PBXBuildFile; fileRef = 8BCC5B8F1F297F4400361EE5 /* PfCOglCamera.cpp */; };
		8BDA55C61F8A60120042C4D9 /* PfCOglModelAsset.cpp in Sources */ = {isa = PBXBuildFile; fileRef = 8BCC5B921F29896600361EE5 /* PfCOglModelAsset.cpp */; };
		8BDA55C71F8A60120042C4D9 /* PfCOglModelInstance.cpp in Sources */ = {isa = PBXBuildFile; fileRef = 8BCC5B951F29897800361EE5 /* PfCOglModelInstance.cpp */; };
		8BDA55C81F8A60120042C4D9 /* PfCOglLight.cpp in Sources */ = {isa = PBXBuildFile; fileRef = 8BCC5B981F298ADE00361EE5 /* PfCOglLight.cpp */; };
		8BDA55C91F8A60120042C4D9 /* glew.c in Sources */ = {isa = PBXBuildFile; fileRef = 8B2DED1C1F25C410005E6D6C /* glew.c */; };
		8BDA55CA1F8A60120042C4D9 /* platform_osx.mm in Sources */ = {isa = PBXBuildFile; fileRef = 8B2DEAEF1F25C33C005E6D6C /* platform_osx.mm */; };
		8BDA55CC1F8A60120042C4D9 /* IOKit.framework in Frameworks */ = {isa = PBXBuildFile; fileRef = 8B2DE6F21F25A2C7005E6D6C /* IOKit.framework */; };
		8BDA55CD1F8A60120042C4D9 /* libglfw3.a in Frameworks */ = {isa = PBXBuildFile; fileRef = 8B2DEAEE1F25C33C005E6D6C /* libglfw3.a */; };
		8BDA55CE1F8A60120042C4D9 /* Cocoa.framework in Frameworks */ = {isa = PBXBuildFile; fileRef = 8B2DE6F01F25A2BA005E6D6C /* Cocoa.framework */; };
		8BDA55CF1F8A60120042C4D9 /* OpenGL.framework in Frameworks */ = {isa = PBXBuildFile; fileRef = 8B2DE6EC1F25A2A1005E6D6C /* OpenGL.framework */; };
		8BDA55D01F8A60120042C4D9 /* QuartzCore.framework in Frameworks */ = {isa = PBXBuildFile; fileRef = 8B2DE6EE1F25A2B3005E6D6C /* QuartzCore.framework */; };
		8BDA55E51F8A60B40042C4D9 /* main.cpp in Sources */ = {isa = PBXBuildFile; fileRef = 8BDA55E41F8A60960042C4D9 /* main.cpp */; };
		8BDA55E61F8A60C10042C4D9 /* fragment-shader.txt in Resources */ = {isa = PBXBuildFile; fileRef = 8BDA55DD1F8A60960042C4D9 /* fragment-shader.txt */; };
		8BDA55E71F8A60C10042C4D9 /* geometry-shader.txt in Resources */ = {isa = PBXBuildFile; fileRef = 8BDA55DE1F8A60960042C4D9 /* geometry-shader.txt */; };
		8BDA55E81F8A60C10042C4D9 /* tessellation_control.txt in Resources */ = {isa = PBXBuildFile; fileRef = 8BDA55DF1F8A60960042C4D9 /* tessellation_control.txt */; };
		8BDA55E91F8A60C10042C4D9 /* tessellation_evaluation.txt in Resources */ = {isa = PBXBuildFile; fileRef = 8BDA55E01F8A60960042C4D9 /* tessellation_evaluation.txt */; };
		8BDA55EA1F8A60C10042C4D9 /* tessllation_evaluation.txt in Resources */ = {isa = PBXBuildFile; fileRef = 8BDA55E11F8A60960042C4D9 /* tessllation_evaluation.txt */; };
		8BDA55EB1F8A60C10042C4D9 /* vertex-shader.txt in Resources */ = {isa = PBXBuildFile; fileRef = 8BDA55E21F8A60960042C4D9 /* vertex-shader.txt */; };
		8BEA39E31F297A6D00CAF2C8 /* PfCOglProgram.cpp in Sources */ = {isa = PBXBuildFile; fileRef = 8BEA39DD1F297A6D00CAF2C8 /* PfCOglProgram.cpp */; };
		8BF5EB301F9CD98700D021C2 /* PfCOglTool.cpp in Sources */ = {isa = PBXBuildFile; fileRef = 8BF5EB2E1F9CD98700D021C2 /* PfCOglTool.cpp */; };
		8BF76E221F70B98E009DCE87 /* tessellation_control.txt in Resources */ = {isa = PBXBuildFile; fileRef = 8BF76E211F70B98E009DCE87 /* tessellation_control.txt */; };
		8BF76E241F70BB3A009DCE87 /* tessellation_evaluation.txt in Resources */ = {isa = PBXBuildFile; fileRef = 8BF76E231F70BB39009DCE87 /* tessellation_evaluation.txt */; };
/* End PBXBuildFile section */

/* Begin PBXContainerItemProxy section */
		8B2DE6C21F25A042005E6D6C /* PBXContainerItemProxy */ = {
			isa = PBXContainerItemProxy;
			containerPortal = 8B2DE6A01F25A042005E6D6C /* Project object */;
			proxyType = 1;
			remoteGlobalIDString = 8B2DE6A71F25A042005E6D6C;
			remoteInfo = PfcOgl;
		};
		8B2DE6CD1F25A042005E6D6C /* PBXContainerItemProxy */ = {
			isa = PBXContainerItemProxy;
			containerPortal = 8B2DE6A01F25A042005E6D6C /* Project object */;
			proxyType = 1;
			remoteGlobalIDString = 8B2DE6A71F25A042005E6D6C;
			remoteInfo = PfcOgl;
		};
/* End PBXContainerItemProxy section */

/* Begin PBXFileReference section */
		8B2107FE1F789D570067A4A7 /* geometry-shader.txt */ = {isa = PBXFileReference; fileEncoding = 4; lastKnownFileType = text; path = "geometry-shader.txt"; sourceTree = "<group>"; };
		8B2DE6A81F25A042005E6D6C /* PfcOgl.app */ = {isa = PBXFileReference; explicitFileType = wrapper.application; includeInIndex = 0; path = PfcOgl.app; sourceTree = BUILT_PRODUCTS_DIR; };
		8B2DE6C11F25A042005E6D6C /* PfcOglTests.xctest */ = {isa = PBXFileReference; explicitFileType = wrapper.cfbundle; includeInIndex = 0; path = PfcOglTests.xctest; sourceTree = BUILT_PRODUCTS_DIR; };
		8B2DE6CC1F25A042005E6D6C /* PfcOglUITests.xctest */ = {isa = PBXFileReference; explicitFileType = wrapper.cfbundle; includeInIndex = 0; path = PfcOglUITests.xctest; sourceTree = BUILT_PRODUCTS_DIR; };
		8B2DE6EC1F25A2A1005E6D6C /* OpenGL.framework */ = {isa = PBXFileReference; lastKnownFileType = wrapper.framework; name = OpenGL.framework; path = System/Library/Frameworks/OpenGL.framework; sourceTree = SDKROOT; };
		8B2DE6EE1F25A2B3005E6D6C /* QuartzCore.framework */ = {isa = PBXFileReference; lastKnownFileType = wrapper.framework; name = QuartzCore.framework; path = System/Library/Frameworks/QuartzCore.framework; sourceTree = SDKROOT; };
		8B2DE6F01F25A2BA005E6D6C /* Cocoa.framework */ = {isa = PBXFileReference; lastKnownFileType = wrapper.framework; name = Cocoa.framework; path = System/Library/Frameworks/Cocoa.framework; sourceTree = SDKROOT; };
		8B2DE6F21F25A2C7005E6D6C /* IOKit.framework */ = {isa = PBXFileReference; lastKnownFileType = wrapper.framework; name = IOKit.framework; path = System/Library/Frameworks/IOKit.framework; sourceTree = SDKROOT; };
		8B2DEA011F25B1EE005E6D6C /* fragment-shader.txt */ = {isa = PBXFileReference; fileEncoding = 4; lastKnownFileType = text; path = "fragment-shader.txt"; sourceTree = "<group>"; };
		8B2DEA021F25B1EE005E6D6C /* vertex-shader.txt */ = {isa = PBXFileReference; fileEncoding = 4; lastKnownFileType = text; path = "vertex-shader.txt"; sourceTree = "<group>"; };
		8B2DEA111F25C33C005E6D6C /* platform.hpp */ = {isa = PBXFileReference; fileEncoding = 4; lastKnownFileType = sourcecode.cpp.h; path = platform.hpp; sourceTree = "<group>"; };
		8B2DEAEE1F25C33C005E6D6C /* libglfw3.a */ = {isa = PBXFileReference; lastKnownFileType = archive.ar; path = libglfw3.a; sourceTree = "<group>"; };
		8B2DEAEF1F25C33C005E6D6C /* platform_osx.mm */ = {isa = PBXFileReference; fileEncoding = 4; lastKnownFileType = sourcecode.cpp.objcpp; path = platform_osx.mm; sourceTree = "<group>"; };
		8B2DED1C1F25C410005E6D6C /* glew.c */ = {isa = PBXFileReference; fileEncoding = 4; lastKnownFileType = sourcecode.c.c; name = glew.c; path = thirdparty/glew/src/glew.c; sourceTree = "<group>"; };
		8B2DED1E1F25CC31005E6D6C /* main.cpp */ = {isa = PBXFileReference; fileEncoding = 4; lastKnownFileType = sourcecode.cpp.cpp; path = main.cpp; sourceTree = "<group>"; };
		8B2DED271F272A07005E6D6C /* PfCOglObject.cpp */ = {isa = PBXFileReference; fileEncoding = 4; lastKnownFileType = sourcecode.cpp.cpp; path = PfCOglObject.cpp; sourceTree = "<group>"; };
		8B2DED281F272A07005E6D6C /* PfCOglObject.h */ = {isa = PBXFileReference; fileEncoding = 4; lastKnownFileType = sourcecode.c.h; path = PfCOglObject.h; sourceTree = "<group>"; };
		8B978E4E1F9D963600BB2AA0 /* math3d.h */ = {isa = PBXFileReference; fileEncoding = 4; lastKnownFileType = sourcecode.c.h; path = math3d.h; sourceTree = "<group>"; };
		8B978E511F9D989800BB2AA0 /* PfCOglBatchBase.h */ = {isa = PBXFileReference; lastKnownFileType = sourcecode.c.h; path = PfCOglBatchBase.h; sourceTree = "<group>"; };
		8B978E521F9D99A300BB2AA0 /* PfCOglBatch.cpp */ = {isa = PBXFileReference; lastKnownFileType = sourcecode.cpp.cpp; path = PfCOglBatch.cpp; sourceTree = "<group>"; };
		8B978E531F9D99A300BB2AA0 /* PfCOglBatch.h */ = {isa = PBXFileReference; lastKnownFileType = sourcecode.c.h; path = PfCOglBatch.h; sourceTree = "<group>"; };
		8B978E551F9DC3A300BB2AA0 /* PfCOglTriangleBatch.cpp */ = {isa = PBXFileReference; lastKnownFileType = sourcecode.cpp.cpp; path = PfCOglTriangleBatch.cpp; sourceTree = "<group>"; };
		8B978E561F9DC3A300BB2AA0 /* PfCOglTriangleBatch.h */ = {isa = PBXFileReference; lastKnownFileType = sourcecode.c.h; path = PfCOglTriangleBatch.h; sourceTree = "<group>"; };
		8B978E581F9DCB9600BB2AA0 /* math3d.cpp */ = {isa = PBXFileReference; lastKnownFileType = sourcecode.cpp.cpp; path = math3d.cpp; sourceTree = "<group>"; };
		8B978E931F9DD66200BB2AA0 /* chapter2-triangle.app */ = {isa = PBXFileReference; explicitFileType = wrapper.application; includeInIndex = 0; path = "chapter2-triangle.app"; sourceTree = BUILT_PRODUCTS_DIR; };
		8B978E9F1F9DD6BB00BB2AA0 /* main.cpp */ = {isa = PBXFileReference; fileEncoding = 4; lastKnownFileType = sourcecode.cpp.cpp; path = main.cpp; sourceTree = "<group>"; };
		8B978EC31F9ED65B00BB2AA0 /* chapter2-move.app */ = {isa = PBXFileReference; explicitFileType = wrapper.application; includeInIndex = 0; path = "chapter2-move.app"; sourceTree = BUILT_PRODUCTS_DIR; };
		8B978EC71F9ED84100BB2AA0 /* main.cpp */ = {isa = PBXFileReference; fileEncoding = 4; lastKnownFileType = sourcecode.cpp.cpp; path = main.cpp; sourceTree = "<group>"; };
		8B978EE61F9EE67A00BB2AA0 /* chapter3-primitives.app */ = {isa = PBXFileReference; explicitFileType = wrapper.application; includeInIndex = 0; path = "chapter3-primitives.app"; sourceTree = BUILT_PRODUCTS_DIR; };
		8B978EEC1F9F3B3500BB2AA0 /* main.cpp */ = {isa = PBXFileReference; fileEncoding = 4; lastKnownFileType = sourcecode.cpp.cpp; path = main.cpp; sourceTree = "<group>"; };
		8B978F0D1FA2FEE900BB2AA0 /* chapter3-blending.app */ = {isa = PBXFileReference; explicitFileType = wrapper.application; includeInIndex = 0; path = "chapter3-blending.app"; sourceTree = BUILT_PRODUCTS_DIR; };
		8B978F111FA2FF7700BB2AA0 /* main.cpp */ = {isa = PBXFileReference; fileEncoding = 4; lastKnownFileType = sourcecode.cpp.cpp; path = main.cpp; sourceTree = "<group>"; };
		8BCC5B861F297E4200361EE5 /* PfCOglShader.cpp */ = {isa = PBXFileReference; fileEncoding = 4; lastKnownFileType = sourcecode.cpp.cpp; path = PfCOglShader.cpp; sourceTree = "<group>"; };
		8BCC5B871F297E4200361EE5 /* PfCOglShader.h */ = {isa = PBXFileReference; fileEncoding = 4; lastKnownFileType = sourcecode.c.h; path = PfCOglShader.h; sourceTree = "<group>"; };
		8BCC5B891F297E8A00361EE5 /* PfCOglBitmap.cpp */ = {isa = PBXFileReference; fileEncoding = 4; lastKnownFileType = sourcecode.cpp.cpp; path = PfCOglBitmap.cpp; sourceTree = "<group>"; };
		8BCC5B8A1F297E8A00361EE5 /* PfCOglBitmap.h */ = {isa = PBXFileReference; fileEncoding = 4; lastKnownFileType = sourcecode.c.h; path = PfCOglBitmap.h; sourceTree = "<group>"; };
		8BCC5B8C1F297EF400361EE5 /* PfCOglTexture.cpp */ = {isa = PBXFileReference; fileEncoding = 4; lastKnownFileType = sourcecode.cpp.cpp; path = PfCOglTexture.cpp; sourceTree = "<group>"; };
		8BCC5B8D1F297EF400361EE5 /* PfCOglTexture.h */ = {isa = PBXFileReference; fileEncoding = 4; lastKnownFileType = sourcecode.c.h; path = PfCOglTexture.h; sourceTree = "<group>"; };
		8BCC5B8F1F297F4400361EE5 /* PfCOglCamera.cpp */ = {isa = PBXFileReference; fileEncoding = 4; lastKnownFileType = sourcecode.cpp.cpp; path = PfCOglCamera.cpp; sourceTree = "<group>"; };
		8BCC5B901F297F4400361EE5 /* PfCOglCamera.h */ = {isa = PBXFileReference; fileEncoding = 4; lastKnownFileType = sourcecode.c.h; path = PfCOglCamera.h; sourceTree = "<group>"; };
		8BCC5B921F29896600361EE5 /* PfCOglModelAsset.cpp */ = {isa = PBXFileReference; fileEncoding = 4; lastKnownFileType = sourcecode.cpp.cpp; path = PfCOglModelAsset.cpp; sourceTree = "<group>"; };
		8BCC5B931F29896600361EE5 /* PfCOglModelAsset.h */ = {isa = PBXFileReference; fileEncoding = 4; lastKnownFileType = sourcecode.c.h; path = PfCOglModelAsset.h; sourceTree = "<group>"; };
		8BCC5B951F29897800361EE5 /* PfCOglModelInstance.cpp */ = {isa = PBXFileReference; fileEncoding = 4; lastKnownFileType = sourcecode.cpp.cpp; path = PfCOglModelInstance.cpp; sourceTree = "<group>"; };
		8BCC5B961F29897800361EE5 /* PfCOglModelInstance.h */ = {isa = PBXFileReference; fileEncoding = 4; lastKnownFileType = sourcecode.c.h; path = PfCOglModelInstance.h; sourceTree = "<group>"; };
		8BCC5B981F298ADE00361EE5 /* PfCOglLight.cpp */ = {isa = PBXFileReference; fileEncoding = 4; lastKnownFileType = sourcecode.cpp.cpp; path = PfCOglLight.cpp; sourceTree = "<group>"; };
		8BCC5B991F298ADE00361EE5 /* PfCOglLight.h */ = {isa = PBXFileReference; fileEncoding = 4; lastKnownFileType = sourcecode.c.h; path = PfCOglLight.h; sourceTree = "<group>"; };
		8BDA557C1F7E1B760042C4D9 /* PfcOgl4.x.app */ = {isa = PBXFileReference; explicitFileType = wrapper.application; includeInIndex = 0; path = PfcOgl4.x.app; sourceTree = BUILT_PRODUCTS_DIR; };
		8BDA557F1F7E1BEC0042C4D9 /* fragment-shader.txt */ = {isa = PBXFileReference; lastKnownFileType = text; path = "fragment-shader.txt"; sourceTree = "<group>"; };
		8BDA55801F7E1BEC0042C4D9 /* fragment-shader1.txt */ = {isa = PBXFileReference; lastKnownFileType = text; path = "fragment-shader1.txt"; sourceTree = "<group>"; };
		8BDA55811F7E1BEC0042C4D9 /* geometry-shader.txt */ = {isa = PBXFileReference; lastKnownFileType = text; path = "geometry-shader.txt"; sourceTree = "<group>"; };
		8BDA55821F7E1BEC0042C4D9 /* tessellation_control.txt */ = {isa = PBXFileReference; lastKnownFileType = text; path = tessellation_control.txt; sourceTree = "<group>"; };
		8BDA55831F7E1BEC0042C4D9 /* tessellation_evaluation.txt */ = {isa = PBXFileReference; lastKnownFileType = text; path = tessellation_evaluation.txt; sourceTree = "<group>"; };
		8BDA55841F7E1BEC0042C4D9 /* tessllation_evaluation.txt */ = {isa = PBXFileReference; lastKnownFileType = text; path = tessllation_evaluation.txt; sourceTree = "<group>"; };
		8BDA55851F7E1BEC0042C4D9 /* vertex-shader.txt */ = {isa = PBXFileReference; lastKnownFileType = text; path = "vertex-shader.txt"; sourceTree = "<group>"; };
		8BDA55861F7E1BEC0042C4D9 /* vertex-shader1.txt */ = {isa = PBXFileReference; lastKnownFileType = text; path = "vertex-shader1.txt"; sourceTree = "<group>"; };
		8BDA55871F7E1BEC0042C4D9 /* vertex-shader2.txt */ = {isa = PBXFileReference; lastKnownFileType = text; path = "vertex-shader2.txt"; sourceTree = "<group>"; };
		8BDA55881F7E1BEC0042C4D9 /* vertex-shader3.txt */ = {isa = PBXFileReference; lastKnownFileType = text; path = "vertex-shader3.txt"; sourceTree = "<group>"; };
		8BDA558A1F7E1BEC0042C4D9 /* main.cpp */ = {isa = PBXFileReference; lastKnownFileType = sourcecode.cpp.cpp; path = main.cpp; sourceTree = "<group>"; };
		8BDA55DA1F8A60120042C4D9 /* primitives.app */ = {isa = PBXFileReference; explicitFileType = wrapper.application; includeInIndex = 0; path = primitives.app; sourceTree = BUILT_PRODUCTS_DIR; };
		8BDA55DD1F8A60960042C4D9 /* fragment-shader.txt */ = {isa = PBXFileReference; lastKnownFileType = text; path = "fragment-shader.txt"; sourceTree = "<group>"; };
		8BDA55DE1F8A60960042C4D9 /* geometry-shader.txt */ = {isa = PBXFileReference; lastKnownFileType = text; path = "geometry-shader.txt"; sourceTree = "<group>"; };
		8BDA55DF1F8A60960042C4D9 /* tessellation_control.txt */ = {isa = PBXFileReference; lastKnownFileType = text; path = tessellation_control.txt; sourceTree = "<group>"; };
		8BDA55E01F8A60960042C4D9 /* tessellation_evaluation.txt */ = {isa = PBXFileReference; lastKnownFileType = text; path = tessellation_evaluation.txt; sourceTree = "<group>"; };
		8BDA55E11F8A60960042C4D9 /* tessllation_evaluation.txt */ = {isa = PBXFileReference; lastKnownFileType = text; path = tessllation_evaluation.txt; sourceTree = "<group>"; };
		8BDA55E21F8A60960042C4D9 /* vertex-shader.txt */ = {isa = PBXFileReference; lastKnownFileType = text; path = "vertex-shader.txt"; sourceTree = "<group>"; };
		8BDA55E41F8A60960042C4D9 /* main.cpp */ = {isa = PBXFileReference; lastKnownFileType = sourcecode.cpp.cpp; path = main.cpp; sourceTree = "<group>"; };
		8BEA39DD1F297A6D00CAF2C8 /* PfCOglProgram.cpp */ = {isa = PBXFileReference; fileEncoding = 4; lastKnownFileType = sourcecode.cpp.cpp; path = PfCOglProgram.cpp; sourceTree = "<group>"; };
		8BEA39DE1F297A6D00CAF2C8 /* PfCOglProgram.h */ = {isa = PBXFileReference; fileEncoding = 4; lastKnownFileType = sourcecode.c.h; path = PfCOglProgram.h; sourceTree = "<group>"; };
		8BF5EB2E1F9CD98700D021C2 /* PfCOglTool.cpp */ = {isa = PBXFileReference; lastKnownFileType = sourcecode.cpp.cpp; path = PfCOglTool.cpp; sourceTree = "<group>"; };
		8BF5EB2F1F9CD98700D021C2 /* PfCOglTool.h */ = {isa = PBXFileReference; lastKnownFileType = sourcecode.c.h; path = PfCOglTool.h; sourceTree = "<group>"; };
		8BF5EB311F9CE0B100D021C2 /* PfCOglStockShader.h */ = {isa = PBXFileReference; lastKnownFileType = sourcecode.c.h; path = PfCOglStockShader.h; sourceTree = "<group>"; };
		8BF76E211F70B98E009DCE87 /* tessellation_control.txt */ = {isa = PBXFileReference; fileEncoding = 4; lastKnownFileType = text; path = tessellation_control.txt; sourceTree = "<group>"; };
		8BF76E231F70BB39009DCE87 /* tessellation_evaluation.txt */ = {isa = PBXFileReference; fileEncoding = 4; lastKnownFileType = text; path = tessellation_evaluation.txt; sourceTree = "<group>"; };
/* End PBXFileReference section */

/* Begin PBXFrameworksBuildPhase section */
		8B2DE6A51F25A042005E6D6C /* Frameworks */ = {
			isa = PBXFrameworksBuildPhase;
			buildActionMask = 2147483647;
			files = (
				8B2DE6F31F25A2C7005E6D6C /* IOKit.framework in Frameworks */,
				8B2DEC841F25C33C005E6D6C /* libglfw3.a in Frameworks */,
				8B2DE6F11F25A2BA005E6D6C /* Cocoa.framework in Frameworks */,
				8B2DE6ED1F25A2A1005E6D6C /* OpenGL.framework in Frameworks */,
				8B2DE6EF1F25A2B3005E6D6C /* QuartzCore.framework in Frameworks */,
			);
			runOnlyForDeploymentPostprocessing = 0;
		};
		8B2DE6BE1F25A042005E6D6C /* Frameworks */ = {
			isa = PBXFrameworksBuildPhase;
			buildActionMask = 2147483647;
			files = (
			);
			runOnlyForDeploymentPostprocessing = 0;
		};
		8B2DE6C91F25A042005E6D6C /* Frameworks */ = {
			isa = PBXFrameworksBuildPhase;
			buildActionMask = 2147483647;
			files = (
			);
			runOnlyForDeploymentPostprocessing = 0;
		};
		8B978E831F9DD66200BB2AA0 /* Frameworks */ = {
			isa = PBXFrameworksBuildPhase;
			buildActionMask = 2147483647;
			files = (
				8B978E841F9DD66200BB2AA0 /* IOKit.framework in Frameworks */,
				8B978E851F9DD66200BB2AA0 /* libglfw3.a in Frameworks */,
				8B978E861F9DD66200BB2AA0 /* Cocoa.framework in Frameworks */,
				8B978E871F9DD66200BB2AA0 /* OpenGL.framework in Frameworks */,
				8B978E881F9DD66200BB2AA0 /* QuartzCore.framework in Frameworks */,
			);
			runOnlyForDeploymentPostprocessing = 0;
		};
		8B978EB91F9ED65B00BB2AA0 /* Frameworks */ = {
			isa = PBXFrameworksBuildPhase;
			buildActionMask = 2147483647;
			files = (
				8B978EBA1F9ED65B00BB2AA0 /* IOKit.framework in Frameworks */,
				8B978EBB1F9ED65B00BB2AA0 /* libglfw3.a in Frameworks */,
				8B978EBC1F9ED65B00BB2AA0 /* Cocoa.framework in Frameworks */,
				8B978EBD1F9ED65B00BB2AA0 /* OpenGL.framework in Frameworks */,
				8B978EBE1F9ED65B00BB2AA0 /* QuartzCore.framework in Frameworks */,
			);
			runOnlyForDeploymentPostprocessing = 0;
		};
		8B978EDC1F9EE67A00BB2AA0 /* Frameworks */ = {
			isa = PBXFrameworksBuildPhase;
			buildActionMask = 2147483647;
			files = (
				8B978EDD1F9EE67A00BB2AA0 /* IOKit.framework in Frameworks */,
				8B978EDE1F9EE67A00BB2AA0 /* libglfw3.a in Frameworks */,
				8B978EDF1F9EE67A00BB2AA0 /* Cocoa.framework in Frameworks */,
				8B978EE01F9EE67A00BB2AA0 /* OpenGL.framework in Frameworks */,
				8B978EE11F9EE67A00BB2AA0 /* QuartzCore.framework in Frameworks */,
			);
			runOnlyForDeploymentPostprocessing = 0;
		};
		8B978F031FA2FEE900BB2AA0 /* Frameworks */ = {
			isa = PBXFrameworksBuildPhase;
			buildActionMask = 2147483647;
			files = (
				8B978F041FA2FEE900BB2AA0 /* IOKit.framework in Frameworks */,
				8B978F051FA2FEE900BB2AA0 /* libglfw3.a in Frameworks */,
				8B978F061FA2FEE900BB2AA0 /* Cocoa.framework in Frameworks */,
				8B978F071FA2FEE900BB2AA0 /* OpenGL.framework in Frameworks */,
				8B978F081FA2FEE900BB2AA0 /* QuartzCore.framework in Frameworks */,
			);
			runOnlyForDeploymentPostprocessing = 0;
		};
		8BDA556D1F7E1B760042C4D9 /* Frameworks */ = {
			isa = PBXFrameworksBuildPhase;
			buildActionMask = 2147483647;
			files = (
				8BDA556E1F7E1B760042C4D9 /* IOKit.framework in Frameworks */,
				8BDA556F1F7E1B760042C4D9 /* libglfw3.a in Frameworks */,
				8BDA55701F7E1B760042C4D9 /* Cocoa.framework in Frameworks */,
				8BDA55711F7E1B760042C4D9 /* OpenGL.framework in Frameworks */,
				8BDA55721F7E1B760042C4D9 /* QuartzCore.framework in Frameworks */,
			);
			runOnlyForDeploymentPostprocessing = 0;
		};
		8BDA55CB1F8A60120042C4D9 /* Frameworks */ = {
			isa = PBXFrameworksBuildPhase;
			buildActionMask = 2147483647;
			files = (
				8BDA55CC1F8A60120042C4D9 /* IOKit.framework in Frameworks */,
				8BDA55CD1F8A60120042C4D9 /* libglfw3.a in Frameworks */,
				8BDA55CE1F8A60120042C4D9 /* Cocoa.framework in Frameworks */,
				8BDA55CF1F8A60120042C4D9 /* OpenGL.framework in Frameworks */,
				8BDA55D01F8A60120042C4D9 /* QuartzCore.framework in Frameworks */,
			);
			runOnlyForDeploymentPostprocessing = 0;
		};
/* End PBXFrameworksBuildPhase section */

/* Begin PBXGroup section */
		8B2DE69F1F25A042005E6D6C = {
			isa = PBXGroup;
			children = (
				8B978E941F9DD6BB00BB2AA0 /* example */,
				8BDA55DB1F8A60960042C4D9 /* primitives */,
				8BDA557D1F7E1BEC0042C4D9 /* PfcOgl4.x */,
				8B2DEA101F25C33C005E6D6C /* common */,
				8B2DE6AA1F25A042005E6D6C /* PfcOgl */,
				8B2DE6A91F25A042005E6D6C /* Products */,
				8B2DE6EB1F25A2A1005E6D6C /* Frameworks */,
			);
			sourceTree = "<group>";
		};
		8B2DE6A91F25A042005E6D6C /* Products */ = {
			isa = PBXGroup;
			children = (
				8B2DE6A81F25A042005E6D6C /* PfcOgl.app */,
				8B2DE6C11F25A042005E6D6C /* PfcOglTests.xctest */,
				8B2DE6CC1F25A042005E6D6C /* PfcOglUITests.xctest */,
				8BDA557C1F7E1B760042C4D9 /* PfcOgl4.x.app */,
				8BDA55DA1F8A60120042C4D9 /* primitives.app */,
				8B978E931F9DD66200BB2AA0 /* chapter2-triangle.app */,
				8B978EC31F9ED65B00BB2AA0 /* chapter2-move.app */,
				8B978EE61F9EE67A00BB2AA0 /* chapter3-primitives.app */,
				8B978F0D1FA2FEE900BB2AA0 /* chapter3-blending.app */,
			);
			name = Products;
			sourceTree = "<group>";
		};
		8B2DE6AA1F25A042005E6D6C /* PfcOgl */ = {
			isa = PBXGroup;
			children = (
				8B2DEA051F25B1F5005E6D6C /* source */,
				8B2DEA001F25B1EE005E6D6C /* resources */,
			);
			path = PfcOgl;
			sourceTree = "<group>";
		};
		8B2DE6EB1F25A2A1005E6D6C /* Frameworks */ = {
			isa = PBXGroup;
			children = (
				8B2DE6F21F25A2C7005E6D6C /* IOKit.framework */,
				8B2DE6F01F25A2BA005E6D6C /* Cocoa.framework */,
				8B2DE6EE1F25A2B3005E6D6C /* QuartzCore.framework */,
				8B2DE6EC1F25A2A1005E6D6C /* OpenGL.framework */,
			);
			name = Frameworks;
			sourceTree = "<group>";
		};
		8B2DEA001F25B1EE005E6D6C /* resources */ = {
			isa = PBXGroup;
			children = (
				8B2DEA011F25B1EE005E6D6C /* fragment-shader.txt */,
				8B2DEA021F25B1EE005E6D6C /* vertex-shader.txt */,
				8BF76E211F70B98E009DCE87 /* tessellation_control.txt */,
				8BF76E231F70BB39009DCE87 /* tessellation_evaluation.txt */,
				8B2107FE1F789D570067A4A7 /* geometry-shader.txt */,
			);
			path = resources;
			sourceTree = "<group>";
		};
		8B2DEA051F25B1F5005E6D6C /* source */ = {
			isa = PBXGroup;
			children = (
				8B2DED231F27297E005E6D6C /* PfCOgl */,
				8B2DED1E1F25CC31005E6D6C /* main.cpp */,
			);
			path = source;
			sourceTree = "<group>";
		};
		8B2DEA101F25C33C005E6D6C /* common */ = {
			isa = PBXGroup;
			children = (
				8B2DED1C1F25C410005E6D6C /* glew.c */,
				8B2DEA111F25C33C005E6D6C /* platform.hpp */,
				8B2DEA121F25C33C005E6D6C /* platforms */,
			);
			path = common;
			sourceTree = "<group>";
		};
		8B2DEA121F25C33C005E6D6C /* platforms */ = {
			isa = PBXGroup;
			children = (
				8B2DEAED1F25C33C005E6D6C /* osx */,
			);
			path = platforms;
			sourceTree = "<group>";
		};
		8B2DEAED1F25C33C005E6D6C /* osx */ = {
			isa = PBXGroup;
			children = (
				8B2DEAEE1F25C33C005E6D6C /* libglfw3.a */,
				8B2DEAEF1F25C33C005E6D6C /* platform_osx.mm */,
			);
			path = osx;
			sourceTree = "<group>";
		};
		8B2DED231F27297E005E6D6C /* PfCOgl */ = {
			isa = PBXGroup;
			children = (
				8B978E4E1F9D963600BB2AA0 /* math3d.h */,
				8B978E581F9DCB9600BB2AA0 /* math3d.cpp */,
				8BEA39DD1F297A6D00CAF2C8 /* PfCOglProgram.cpp */,
				8BEA39DE1F297A6D00CAF2C8 /* PfCOglProgram.h */,
				8B2DED271F272A07005E6D6C /* PfCOglObject.cpp */,
				8B2DED281F272A07005E6D6C /* PfCOglObject.h */,
				8BCC5B861F297E4200361EE5 /* PfCOglShader.cpp */,
				8BCC5B871F297E4200361EE5 /* PfCOglShader.h */,
				8BCC5B891F297E8A00361EE5 /* PfCOglBitmap.cpp */,
				8BCC5B8A1F297E8A00361EE5 /* PfCOglBitmap.h */,
				8BCC5B8C1F297EF400361EE5 /* PfCOglTexture.cpp */,
				8BCC5B8D1F297EF400361EE5 /* PfCOglTexture.h */,
				8BCC5B8F1F297F4400361EE5 /* PfCOglCamera.cpp */,
				8BCC5B901F297F4400361EE5 /* PfCOglCamera.h */,
				8BCC5B921F29896600361EE5 /* PfCOglModelAsset.cpp */,
				8BCC5B931F29896600361EE5 /* PfCOglModelAsset.h */,
				8BCC5B951F29897800361EE5 /* PfCOglModelInstance.cpp */,
				8BCC5B961F29897800361EE5 /* PfCOglModelInstance.h */,
				8BCC5B981F298ADE00361EE5 /* PfCOglLight.cpp */,
				8BCC5B991F298ADE00361EE5 /* PfCOglLight.h */,
				8BF5EB2E1F9CD98700D021C2 /* PfCOglTool.cpp */,
				8BF5EB2F1F9CD98700D021C2 /* PfCOglTool.h */,
				8BF5EB311F9CE0B100D021C2 /* PfCOglStockShader.h */,
				8B978E511F9D989800BB2AA0 /* PfCOglBatchBase.h */,
				8B978E521F9D99A300BB2AA0 /* PfCOglBatch.cpp */,
				8B978E531F9D99A300BB2AA0 /* PfCOglBatch.h */,
				8B978E551F9DC3A300BB2AA0 /* PfCOglTriangleBatch.cpp */,
				8B978E561F9DC3A300BB2AA0 /* PfCOglTriangleBatch.h */,
			);
			path = PfCOgl;
			sourceTree = "<group>";
		};
		8B978E941F9DD6BB00BB2AA0 /* example */ = {
			isa = PBXGroup;
			children = (
				8B978EE81F9F3B3500BB2AA0 /* chapter3 */,
				8B978E951F9DD6BB00BB2AA0 /* chapter2 */,
			);
			path = example;
			sourceTree = "<group>";
		};
		8B978E951F9DD6BB00BB2AA0 /* chapter2 */ = {
			isa = PBXGroup;
			children = (
				8B978EC41F9ED84100BB2AA0 /* move */,
				8B978E961F9DD6BB00BB2AA0 /* triangle */,
			);
			path = chapter2;
			sourceTree = "<group>";
		};
		8B978E961F9DD6BB00BB2AA0 /* triangle */ = {
			isa = PBXGroup;
			children = (
				8B978E971F9DD6BB00BB2AA0 /* resources */,
				8B978E9E1F9DD6BB00BB2AA0 /* source */,
			);
			path = triangle;
			sourceTree = "<group>";
		};
		8B978E971F9DD6BB00BB2AA0 /* resources */ = {
			isa = PBXGroup;
			children = (
			);
			path = resources;
			sourceTree = "<group>";
		};
		8B978E9E1F9DD6BB00BB2AA0 /* source */ = {
			isa = PBXGroup;
			children = (
				8B978E9F1F9DD6BB00BB2AA0 /* main.cpp */,
			);
			path = source;
			sourceTree = "<group>";
		};
		8B978EC41F9ED84100BB2AA0 /* move */ = {
			isa = PBXGroup;
			children = (
				8B978EC51F9ED84100BB2AA0 /* resources */,
				8B978EC61F9ED84100BB2AA0 /* source */,
			);
			path = move;
			sourceTree = "<group>";
		};
		8B978EC51F9ED84100BB2AA0 /* resources */ = {
			isa = PBXGroup;
			children = (
			);
			path = resources;
			sourceTree = "<group>";
		};
		8B978EC61F9ED84100BB2AA0 /* source */ = {
			isa = PBXGroup;
			children = (
				8B978EC71F9ED84100BB2AA0 /* main.cpp */,
			);
			path = source;
			sourceTree = "<group>";
		};
		8B978EE81F9F3B3500BB2AA0 /* chapter3 */ = {
			isa = PBXGroup;
			children = (
				8B978F0E1FA2FF7700BB2AA0 /* blending */,
				8B978EE91F9F3B3500BB2AA0 /* primitives */,
			);
			path = chapter3;
			sourceTree = "<group>";
		};
		8B978EE91F9F3B3500BB2AA0 /* primitives */ = {
			isa = PBXGroup;
			children = (
				8B978EEA1F9F3B3500BB2AA0 /* resources */,
				8B978EEB1F9F3B3500BB2AA0 /* source */,
			);
			path = primitives;
			sourceTree = "<group>";
		};
		8B978EEA1F9F3B3500BB2AA0 /* resources */ = {
			isa = PBXGroup;
			children = (
			);
			path = resources;
			sourceTree = "<group>";
		};
		8B978EEB1F9F3B3500BB2AA0 /* source */ = {
			isa = PBXGroup;
			children = (
				8B978EEC1F9F3B3500BB2AA0 /* main.cpp */,
			);
			path = source;
			sourceTree = "<group>";
		};
		8B978F0E1FA2FF7700BB2AA0 /* blending */ = {
			isa = PBXGroup;
			children = (
				8B978F0F1FA2FF7700BB2AA0 /* resources */,
				8B978F101FA2FF7700BB2AA0 /* source */,
			);
			path = blending;
			sourceTree = "<group>";
		};
		8B978F0F1FA2FF7700BB2AA0 /* resources */ = {
			isa = PBXGroup;
			children = (
			);
			path = resources;
			sourceTree = "<group>";
		};
		8B978F101FA2FF7700BB2AA0 /* source */ = {
			isa = PBXGroup;
			children = (
				8B978F111FA2FF7700BB2AA0 /* main.cpp */,
			);
			path = source;
			sourceTree = "<group>";
		};
		8BDA557D1F7E1BEC0042C4D9 /* PfcOgl4.x */ = {
			isa = PBXGroup;
			children = (
				8BDA557E1F7E1BEC0042C4D9 /* resources */,
				8BDA55891F7E1BEC0042C4D9 /* source */,
			);
			path = PfcOgl4.x;
			sourceTree = "<group>";
		};
		8BDA557E1F7E1BEC0042C4D9 /* resources */ = {
			isa = PBXGroup;
			children = (
				8BDA557F1F7E1BEC0042C4D9 /* fragment-shader.txt */,
				8BDA55801F7E1BEC0042C4D9 /* fragment-shader1.txt */,
				8BDA55811F7E1BEC0042C4D9 /* geometry-shader.txt */,
				8BDA55821F7E1BEC0042C4D9 /* tessellation_control.txt */,
				8BDA55831F7E1BEC0042C4D9 /* tessellation_evaluation.txt */,
				8BDA55841F7E1BEC0042C4D9 /* tessllation_evaluation.txt */,
				8BDA55851F7E1BEC0042C4D9 /* vertex-shader.txt */,
				8BDA55861F7E1BEC0042C4D9 /* vertex-shader1.txt */,
				8BDA55871F7E1BEC0042C4D9 /* vertex-shader2.txt */,
				8BDA55881F7E1BEC0042C4D9 /* vertex-shader3.txt */,
			);
			path = resources;
			sourceTree = "<group>";
		};
		8BDA55891F7E1BEC0042C4D9 /* source */ = {
			isa = PBXGroup;
			children = (
				8BDA558A1F7E1BEC0042C4D9 /* main.cpp */,
			);
			path = source;
			sourceTree = "<group>";
		};
		8BDA55DB1F8A60960042C4D9 /* primitives */ = {
			isa = PBXGroup;
			children = (
				8BDA55DC1F8A60960042C4D9 /* resources */,
				8BDA55E31F8A60960042C4D9 /* source */,
			);
			path = primitives;
			sourceTree = "<group>";
		};
		8BDA55DC1F8A60960042C4D9 /* resources */ = {
			isa = PBXGroup;
			children = (
				8BDA55DD1F8A60960042C4D9 /* fragment-shader.txt */,
				8BDA55DE1F8A60960042C4D9 /* geometry-shader.txt */,
				8BDA55DF1F8A60960042C4D9 /* tessellation_control.txt */,
				8BDA55E01F8A60960042C4D9 /* tessellation_evaluation.txt */,
				8BDA55E11F8A60960042C4D9 /* tessllation_evaluation.txt */,
				8BDA55E21F8A60960042C4D9 /* vertex-shader.txt */,
			);
			path = resources;
			sourceTree = "<group>";
		};
		8BDA55E31F8A60960042C4D9 /* source */ = {
			isa = PBXGroup;
			children = (
				8BDA55E41F8A60960042C4D9 /* main.cpp */,
			);
			path = source;
			sourceTree = "<group>";
		};
/* End PBXGroup section */

/* Begin PBXNativeTarget section */
		8B2DE6A71F25A042005E6D6C /* PfcOgl */ = {
			isa = PBXNativeTarget;
			buildConfigurationList = 8B2DE6D51F25A042005E6D6C /* Build configuration list for PBXNativeTarget "PfcOgl" */;
			buildPhases = (
				8B2DE6A41F25A042005E6D6C /* Sources */,
				8B2DE6A51F25A042005E6D6C /* Frameworks */,
				8B2DE6A61F25A042005E6D6C /* Resources */,
			);
			buildRules = (
			);
			dependencies = (
			);
			name = PfcOgl;
			productName = PfcOgl;
			productReference = 8B2DE6A81F25A042005E6D6C /* PfcOgl.app */;
			productType = "com.apple.product-type.application";
		};
		8B2DE6C01F25A042005E6D6C /* PfcOglTests */ = {
			isa = PBXNativeTarget;
			buildConfigurationList = 8B2DE6D81F25A042005E6D6C /* Build configuration list for PBXNativeTarget "PfcOglTests" */;
			buildPhases = (
				8B2DE6BD1F25A042005E6D6C /* Sources */,
				8B2DE6BE1F25A042005E6D6C /* Frameworks */,
				8B2DE6BF1F25A042005E6D6C /* Resources */,
			);
			buildRules = (
			);
			dependencies = (
				8B2DE6C31F25A042005E6D6C /* PBXTargetDependency */,
			);
			name = PfcOglTests;
			productName = PfcOglTests;
			productReference = 8B2DE6C11F25A042005E6D6C /* PfcOglTests.xctest */;
			productType = "com.apple.product-type.bundle.unit-test";
		};
		8B2DE6CB1F25A042005E6D6C /* PfcOglUITests */ = {
			isa = PBXNativeTarget;
			buildConfigurationList = 8B2DE6DB1F25A042005E6D6C /* Build configuration list for PBXNativeTarget "PfcOglUITests" */;
			buildPhases = (
				8B2DE6C81F25A042005E6D6C /* Sources */,
				8B2DE6C91F25A042005E6D6C /* Frameworks */,
				8B2DE6CA1F25A042005E6D6C /* Resources */,
			);
			buildRules = (
			);
			dependencies = (
				8B2DE6CE1F25A042005E6D6C /* PBXTargetDependency */,
			);
			name = PfcOglUITests;
			productName = PfcOglUITests;
			productReference = 8B2DE6CC1F25A042005E6D6C /* PfcOglUITests.xctest */;
			productType = "com.apple.product-type.bundle.ui-testing";
		};
		8B978E711F9DD66200BB2AA0 /* chapter2-triangle */ = {
			isa = PBXNativeTarget;
			buildConfigurationList = 8B978E901F9DD66200BB2AA0 /* Build configuration list for PBXNativeTarget "chapter2-triangle" */;
			buildPhases = (
				8B978E721F9DD66200BB2AA0 /* Sources */,
				8B978E831F9DD66200BB2AA0 /* Frameworks */,
				8B978E891F9DD66200BB2AA0 /* Resources */,
			);
			buildRules = (
			);
			dependencies = (
			);
			name = "chapter2-triangle";
			productName = PfcOgl;
			productReference = 8B978E931F9DD66200BB2AA0 /* chapter2-triangle.app */;
			productType = "com.apple.product-type.application";
		};
		8B978EA71F9ED65B00BB2AA0 /* chapter2-move */ = {
			isa = PBXNativeTarget;
			buildConfigurationList = 8B978EC01F9ED65B00BB2AA0 /* Build configuration list for PBXNativeTarget "chapter2-move" */;
			buildPhases = (
				8B978EA81F9ED65B00BB2AA0 /* Sources */,
				8B978EB91F9ED65B00BB2AA0 /* Frameworks */,
				8B978EBF1F9ED65B00BB2AA0 /* Resources */,
			);
			buildRules = (
			);
			dependencies = (
			);
			name = "chapter2-move";
			productName = PfcOgl;
			productReference = 8B978EC31F9ED65B00BB2AA0 /* chapter2-move.app */;
			productType = "com.apple.product-type.application";
		};
		8B978ECA1F9EE67A00BB2AA0 /* chapter3-primitives */ = {
			isa = PBXNativeTarget;
			buildConfigurationList = 8B978EE31F9EE67A00BB2AA0 /* Build configuration list for PBXNativeTarget "chapter3-primitives" */;
			buildPhases = (
				8B978ECB1F9EE67A00BB2AA0 /* Sources */,
				8B978EDC1F9EE67A00BB2AA0 /* Frameworks */,
				8B978EE21F9EE67A00BB2AA0 /* Resources */,
			);
			buildRules = (
			);
			dependencies = (
			);
			name = "chapter3-primitives";
			productName = PfcOgl;
			productReference = 8B978EE61F9EE67A00BB2AA0 /* chapter3-primitives.app */;
			productType = "com.apple.product-type.application";
		};
		8B978EF11FA2FEE900BB2AA0 /* chapter3-blending */ = {
			isa = PBXNativeTarget;
			buildConfigurationList = 8B978F0A1FA2FEE900BB2AA0 /* Build configuration list for PBXNativeTarget "chapter3-blending" */;
			buildPhases = (
				8B978EF21FA2FEE900BB2AA0 /* Sources */,
				8B978F031FA2FEE900BB2AA0 /* Frameworks */,
				8B978F091FA2FEE900BB2AA0 /* Resources */,
			);
			buildRules = (
			);
			dependencies = (
			);
			name = "chapter3-blending";
			productName = PfcOgl;
			productReference = 8B978F0D1FA2FEE900BB2AA0 /* chapter3-blending.app */;
			productType = "com.apple.product-type.application";
		};
		8BDA555E1F7E1B760042C4D9 /* PfcOgl4.x */ = {
			isa = PBXNativeTarget;
			buildConfigurationList = 8BDA55791F7E1B760042C4D9 /* Build configuration list for PBXNativeTarget "PfcOgl4.x" */;
			buildPhases = (
				8BDA555F1F7E1B760042C4D9 /* Sources */,
				8BDA556D1F7E1B760042C4D9 /* Frameworks */,
				8BDA55731F7E1B760042C4D9 /* Resources */,
			);
			buildRules = (
			);
			dependencies = (
			);
			name = PfcOgl4.x;
			productName = PfcOgl;
			productReference = 8BDA557C1F7E1B760042C4D9 /* PfcOgl4.x.app */;
			productType = "com.apple.product-type.application";
		};
		8BDA55BD1F8A60120042C4D9 /* primitives */ = {
			isa = PBXNativeTarget;
			buildConfigurationList = 8BDA55D71F8A60120042C4D9 /* Build configuration list for PBXNativeTarget "primitives" */;
			buildPhases = (
				8BDA55BE1F8A60120042C4D9 /* Sources */,
				8BDA55CB1F8A60120042C4D9 /* Frameworks */,
				8BDA55D11F8A60120042C4D9 /* Resources */,
			);
			buildRules = (
			);
			dependencies = (
			);
			name = primitives;
			productName = PfcOgl;
			productReference = 8BDA55DA1F8A60120042C4D9 /* primitives.app */;
			productType = "com.apple.product-type.application";
		};
/* End PBXNativeTarget section */

/* Begin PBXProject section */
		8B2DE6A01F25A042005E6D6C /* Project object */ = {
			isa = PBXProject;
			attributes = {
				LastUpgradeCheck = 0830;
				ORGANIZATIONNAME = developer;
				TargetAttributes = {
					8B2DE6A71F25A042005E6D6C = {
						CreatedOnToolsVersion = 8.3.3;
						DevelopmentTeam = 89VKD6974F;
						ProvisioningStyle = Automatic;
					};
					8B2DE6C01F25A042005E6D6C = {
						CreatedOnToolsVersion = 8.3.3;
						DevelopmentTeam = 89VKD6974F;
						ProvisioningStyle = Automatic;
						TestTargetID = 8B2DE6A71F25A042005E6D6C;
					};
					8B2DE6CB1F25A042005E6D6C = {
						CreatedOnToolsVersion = 8.3.3;
						DevelopmentTeam = 89VKD6974F;
						ProvisioningStyle = Automatic;
						TestTargetID = 8B2DE6A71F25A042005E6D6C;
					};
					8B978E711F9DD66200BB2AA0 = {
						DevelopmentTeam = 89VKD6974F;
					};
					8B978EA71F9ED65B00BB2AA0 = {
						DevelopmentTeam = 89VKD6974F;
					};
					8B978ECA1F9EE67A00BB2AA0 = {
						DevelopmentTeam = 89VKD6974F;
					};
					8B978EF11FA2FEE900BB2AA0 = {
						DevelopmentTeam = 89VKD6974F;
					};
					8BDA555E1F7E1B760042C4D9 = {
						DevelopmentTeam = 89VKD6974F;
					};
					8BDA55BD1F8A60120042C4D9 = {
						DevelopmentTeam = 89VKD6974F;
					};
				};
			};
			buildConfigurationList = 8B2DE6A31F25A042005E6D6C /* Build configuration list for PBXProject "PfcOgl" */;
			compatibilityVersion = "Xcode 3.2";
			developmentRegion = English;
			hasScannedForEncodings = 0;
			knownRegions = (
				en,
				Base,
			);
			mainGroup = 8B2DE69F1F25A042005E6D6C;
			productRefGroup = 8B2DE6A91F25A042005E6D6C /* Products */;
			projectDirPath = "";
			projectRoot = "";
			targets = (
				8B2DE6A71F25A042005E6D6C /* PfcOgl */,
				8B2DE6C01F25A042005E6D6C /* PfcOglTests */,
				8B2DE6CB1F25A042005E6D6C /* PfcOglUITests */,
				8BDA555E1F7E1B760042C4D9 /* PfcOgl4.x */,
				8BDA55BD1F8A60120042C4D9 /* primitives */,
				8B978E711F9DD66200BB2AA0 /* chapter2-triangle */,
				8B978EA71F9ED65B00BB2AA0 /* chapter2-move */,
				8B978ECA1F9EE67A00BB2AA0 /* chapter3-primitives */,
				8B978EF11FA2FEE900BB2AA0 /* chapter3-blending */,
			);
		};
/* End PBXProject section */

/* Begin PBXResourcesBuildPhase section */
		8B2DE6A61F25A042005E6D6C /* Resources */ = {
			isa = PBXResourcesBuildPhase;
			buildActionMask = 2147483647;
			files = (
				8B2DEA041F25B1EE005E6D6C /* vertex-shader.txt in Resources */,
				8B2107FF1F789D570067A4A7 /* geometry-shader.txt in Resources */,
				8B2DEA031F25B1EE005E6D6C /* fragment-shader.txt in Resources */,
				8BF76E221F70B98E009DCE87 /* tessellation_control.txt in Resources */,
				8BF76E241F70BB3A009DCE87 /* tessellation_evaluation.txt in Resources */,
			);
			runOnlyForDeploymentPostprocessing = 0;
		};
		8B2DE6BF1F25A042005E6D6C /* Resources */ = {
			isa = PBXResourcesBuildPhase;
			buildActionMask = 2147483647;
			files = (
			);
			runOnlyForDeploymentPostprocessing = 0;
		};
		8B2DE6CA1F25A042005E6D6C /* Resources */ = {
			isa = PBXResourcesBuildPhase;
			buildActionMask = 2147483647;
			files = (
			);
			runOnlyForDeploymentPostprocessing = 0;
		};
		8B978E891F9DD66200BB2AA0 /* Resources */ = {
			isa = PBXResourcesBuildPhase;
			buildActionMask = 2147483647;
			files = (
			);
			runOnlyForDeploymentPostprocessing = 0;
		};
		8B978EBF1F9ED65B00BB2AA0 /* Resources */ = {
			isa = PBXResourcesBuildPhase;
			buildActionMask = 2147483647;
			files = (
			);
			runOnlyForDeploymentPostprocessing = 0;
		};
		8B978EE21F9EE67A00BB2AA0 /* Resources */ = {
			isa = PBXResourcesBuildPhase;
			buildActionMask = 2147483647;
			files = (
			);
			runOnlyForDeploymentPostprocessing = 0;
		};
		8B978F091FA2FEE900BB2AA0 /* Resources */ = {
			isa = PBXResourcesBuildPhase;
			buildActionMask = 2147483647;
			files = (
			);
			runOnlyForDeploymentPostprocessing = 0;
		};
		8BDA55731F7E1B760042C4D9 /* Resources */ = {
			isa = PBXResourcesBuildPhase;
			buildActionMask = 2147483647;
			files = (
				8BDA55B61F7E1C910042C4D9 /* fragment-shader.txt in Resources */,
				8BDA55B71F7E1C910042C4D9 /* geometry-shader.txt in Resources */,
				8BDA55B81F7E1C910042C4D9 /* tessellation_control.txt in Resources */,
				8BDA55B91F7E1C910042C4D9 /* tessellation_evaluation.txt in Resources */,
				8BDA55BA1F7E1C910042C4D9 /* vertex-shader.txt in Resources */,
			);
			runOnlyForDeploymentPostprocessing = 0;
		};
		8BDA55D11F8A60120042C4D9 /* Resources */ = {
			isa = PBXResourcesBuildPhase;
			buildActionMask = 2147483647;
			files = (
				8BDA55E61F8A60C10042C4D9 /* fragment-shader.txt in Resources */,
				8BDA55E71F8A60C10042C4D9 /* geometry-shader.txt in Resources */,
				8BDA55E81F8A60C10042C4D9 /* tessellation_control.txt in Resources */,
				8BDA55E91F8A60C10042C4D9 /* tessellation_evaluation.txt in Resources */,
				8BDA55EA1F8A60C10042C4D9 /* tessllation_evaluation.txt in Resources */,
				8BDA55EB1F8A60C10042C4D9 /* vertex-shader.txt in Resources */,
			);
			runOnlyForDeploymentPostprocessing = 0;
		};
/* End PBXResourcesBuildPhase section */

/* Begin PBXSourcesBuildPhase section */
		8B2DE6A41F25A042005E6D6C /* Sources */ = {
			isa = PBXSourcesBuildPhase;
			buildActionMask = 2147483647;
			files = (
				8BCC5B8B1F297E8A00361EE5 /* PfCOglBitmap.cpp in Sources */,
				8B978E541F9D99A300BB2AA0 /* PfCOglBatch.cpp in Sources */,
				8B2DED1D1F25C410005E6D6C /* glew.c in Sources */,
				8BCC5B881F297E4200361EE5 /* PfCOglShader.cpp in Sources */,
				8BCC5B9A1F298ADE00361EE5 /* PfCOglLight.cpp in Sources */,
				8BCC5B941F29896600361EE5 /* PfCOglModelAsset.cpp in Sources */,
				8B978E571F9DC3A300BB2AA0 /* PfCOglTriangleBatch.cpp in Sources */,
				8BF5EB301F9CD98700D021C2 /* PfCOglTool.cpp in Sources */,
				8BEA39E31F297A6D00CAF2C8 /* PfCOglProgram.cpp in Sources */,
				8B2DEC851F25C33C005E6D6C /* platform_osx.mm in Sources */,
				8B2DED291F272A07005E6D6C /* PfCOglObject.cpp in Sources */,
				8BCC5B8E1F297EF400361EE5 /* PfCOglTexture.cpp in Sources */,
				8B978E591F9DCB9600BB2AA0 /* math3d.cpp in Sources */,
				8BCC5B911F297F4400361EE5 /* PfCOglCamera.cpp in Sources */,
				8B2DED1F1F25CC31005E6D6C /* main.cpp in Sources */,
				8BCC5B971F29897800361EE5 /* PfCOglModelInstance.cpp in Sources */,
			);
			runOnlyForDeploymentPostprocessing = 0;
		};
		8B2DE6BD1F25A042005E6D6C /* Sources */ = {
			isa = PBXSourcesBuildPhase;
			buildActionMask = 2147483647;
			files = (
			);
			runOnlyForDeploymentPostprocessing = 0;
		};
		8B2DE6C81F25A042005E6D6C /* Sources */ = {
			isa = PBXSourcesBuildPhase;
			buildActionMask = 2147483647;
			files = (
			);
			runOnlyForDeploymentPostprocessing = 0;
		};
		8B978E721F9DD66200BB2AA0 /* Sources */ = {
			isa = PBXSourcesBuildPhase;
			buildActionMask = 2147483647;
			files = (
				8B978E741F9DD66200BB2AA0 /* PfCOglProgram.cpp in Sources */,
				8B978E751F9DD66200BB2AA0 /* PfCOglObject.cpp in Sources */,
				8B978E761F9DD66200BB2AA0 /* PfCOglShader.cpp in Sources */,
				8B978E771F9DD66200BB2AA0 /* PfCOglBitmap.cpp in Sources */,
				8B978E781F9DD66200BB2AA0 /* PfCOglTexture.cpp in Sources */,
				8B978E791F9DD66200BB2AA0 /* PfCOglCamera.cpp in Sources */,
				8B978E7A1F9DD66200BB2AA0 /* PfCOglModelAsset.cpp in Sources */,
				8B978E7B1F9DD66200BB2AA0 /* PfCOglBatch.cpp in Sources */,
				8B978E7C1F9DD66200BB2AA0 /* PfCOglModelInstance.cpp in Sources */,
				8B978E7D1F9DD66200BB2AA0 /* PfCOglTriangleBatch.cpp in Sources */,
				8B978E7E1F9DD66200BB2AA0 /* PfCOglLight.cpp in Sources */,
				8B978E7F1F9DD66200BB2AA0 /* math3d.cpp in Sources */,
				8B978E801F9DD66200BB2AA0 /* glew.c in Sources */,
				8B978E811F9DD66200BB2AA0 /* PfCOglTool.cpp in Sources */,
				8B978EA61F9DD6BB00BB2AA0 /* main.cpp in Sources */,
				8B978E821F9DD66200BB2AA0 /* platform_osx.mm in Sources */,
			);
			runOnlyForDeploymentPostprocessing = 0;
		};
		8B978EA81F9ED65B00BB2AA0 /* Sources */ = {
			isa = PBXSourcesBuildPhase;
			buildActionMask = 2147483647;
			files = (
				8B978EA91F9ED65B00BB2AA0 /* PfCOglProgram.cpp in Sources */,
				8B978EAA1F9ED65B00BB2AA0 /* PfCOglObject.cpp in Sources */,
				8B978EAB1F9ED65B00BB2AA0 /* PfCOglShader.cpp in Sources */,
				8B978EAC1F9ED65B00BB2AA0 /* PfCOglBitmap.cpp in Sources */,
				8B978EAD1F9ED65B00BB2AA0 /* PfCOglTexture.cpp in Sources */,
				8B978EAE1F9ED65B00BB2AA0 /* PfCOglCamera.cpp in Sources */,
				8B978EAF1F9ED65B00BB2AA0 /* PfCOglModelAsset.cpp in Sources */,
				8B978EB01F9ED65B00BB2AA0 /* PfCOglBatch.cpp in Sources */,
				8B978EB11F9ED65B00BB2AA0 /* PfCOglModelInstance.cpp in Sources */,
				8B978EB21F9ED65B00BB2AA0 /* PfCOglTriangleBatch.cpp in Sources */,
				8B978EB31F9ED65B00BB2AA0 /* PfCOglLight.cpp in Sources */,
				8B978EB41F9ED65B00BB2AA0 /* math3d.cpp in Sources */,
				8B978EB51F9ED65B00BB2AA0 /* glew.c in Sources */,
				8B978EB61F9ED65B00BB2AA0 /* PfCOglTool.cpp in Sources */,
				8B978EC81F9ED84200BB2AA0 /* main.cpp in Sources */,
				8B978EB81F9ED65B00BB2AA0 /* platform_osx.mm in Sources */,
			);
			runOnlyForDeploymentPostprocessing = 0;
		};
		8B978ECB1F9EE67A00BB2AA0 /* Sources */ = {
			isa = PBXSourcesBuildPhase;
			buildActionMask = 2147483647;
			files = (
				8B978ECC1F9EE67A00BB2AA0 /* PfCOglProgram.cpp in Sources */,
				8B978ECD1F9EE67A00BB2AA0 /* PfCOglObject.cpp in Sources */,
				8B978ECE1F9EE67A00BB2AA0 /* PfCOglShader.cpp in Sources */,
				8B978ECF1F9EE67A00BB2AA0 /* PfCOglBitmap.cpp in Sources */,
				8B978ED01F9EE67A00BB2AA0 /* PfCOglTexture.cpp in Sources */,
				8B978EED1F9F3B3500BB2AA0 /* main.cpp in Sources */,
				8B978ED11F9EE67A00BB2AA0 /* PfCOglCamera.cpp in Sources */,
				8B978ED21F9EE67A00BB2AA0 /* PfCOglModelAsset.cpp in Sources */,
				8B978ED31F9EE67A00BB2AA0 /* PfCOglBatch.cpp in Sources */,
				8B978ED41F9EE67A00BB2AA0 /* PfCOglModelInstance.cpp in Sources */,
				8B978ED51F9EE67A00BB2AA0 /* PfCOglTriangleBatch.cpp in Sources */,
				8B978ED61F9EE67A00BB2AA0 /* PfCOglLight.cpp in Sources */,
				8B978ED71F9EE67A00BB2AA0 /* math3d.cpp in Sources */,
				8B978ED81F9EE67A00BB2AA0 /* glew.c in Sources */,
				8B978ED91F9EE67A00BB2AA0 /* PfCOglTool.cpp in Sources */,
				8B978EDB1F9EE67A00BB2AA0 /* platform_osx.mm in Sources */,
			);
			runOnlyForDeploymentPostprocessing = 0;
		};
		8B978EF21FA2FEE900BB2AA0 /* Sources */ = {
			isa = PBXSourcesBuildPhase;
			buildActionMask = 2147483647;
			files = (
				8B978EF31FA2FEE900BB2AA0 /* PfCOglProgram.cpp in Sources */,
				8B978EF41FA2FEE900BB2AA0 /* PfCOglObject.cpp in Sources */,
				8B978EF51FA2FEE900BB2AA0 /* PfCOglShader.cpp in Sources */,
				8B978EF61FA2FEE900BB2AA0 /* PfCOglBitmap.cpp in Sources */,
				8B978EF71FA2FEE900BB2AA0 /* PfCOglTexture.cpp in Sources */,
				8B978F121FA2FF7700BB2AA0 /* main.cpp in Sources */,
				8B978EF91FA2FEE900BB2AA0 /* PfCOglCamera.cpp in Sources */,
				8B978EFA1FA2FEE900BB2AA0 /* PfCOglModelAsset.cpp in Sources */,
				8B978EFB1FA2FEE900BB2AA0 /* PfCOglBatch.cpp in Sources */,
				8B978EFC1FA2FEE900BB2AA0 /* PfCOglModelInstance.cpp in Sources */,
				8B978EFD1FA2FEE900BB2AA0 /* PfCOglTriangleBatch.cpp in Sources */,
				8B978EFE1FA2FEE900BB2AA0 /* PfCOglLight.cpp in Sources */,
				8B978EFF1FA2FEE900BB2AA0 /* math3d.cpp in Sources */,
				8B978F001FA2FEE900BB2AA0 /* glew.c in Sources */,
				8B978F011FA2FEE900BB2AA0 /* PfCOglTool.cpp in Sources */,
				8B978F021FA2FEE900BB2AA0 /* platform_osx.mm in Sources */,
			);
			runOnlyForDeploymentPostprocessing = 0;
		};
		8BDA555F1F7E1B760042C4D9 /* Sources */ = {
			isa = PBXSourcesBuildPhase;
			buildActionMask = 2147483647;
			files = (
				8BDA55BC1F7E23BF0042C4D9 /* main.cpp in Sources */,
				8BDA55A21F7E1C720042C4D9 /* PfCOglProgram.cpp in Sources */,
				8BDA55A41F7E1C720042C4D9 /* PfCOglObject.cpp in Sources */,
				8BDA55A61F7E1C720042C4D9 /* PfCOglShader.cpp in Sources */,
				8BDA55A81F7E1C720042C4D9 /* PfCOglBitmap.cpp in Sources */,
				8BDA55AA1F7E1C720042C4D9 /* PfCOglTexture.cpp in Sources */,
				8BDA55AC1F7E1C720042C4D9 /* PfCOglCamera.cpp in Sources */,
				8BDA55AE1F7E1C720042C4D9 /* PfCOglModelAsset.cpp in Sources */,
				8BDA55B01F7E1C720042C4D9 /* PfCOglModelInstance.cpp in Sources */,
				8BDA55B21F7E1C720042C4D9 /* PfCOglLight.cpp in Sources */,
				8BDA55611F7E1B760042C4D9 /* glew.c in Sources */,
				8BDA55661F7E1B760042C4D9 /* platform_osx.mm in Sources */,
			);
			runOnlyForDeploymentPostprocessing = 0;
		};
		8BDA55BE1F8A60120042C4D9 /* Sources */ = {
			isa = PBXSourcesBuildPhase;
			buildActionMask = 2147483647;
			files = (
				8BDA55E51F8A60B40042C4D9 /* main.cpp in Sources */,
				8BDA55C01F8A60120042C4D9 /* PfCOglProgram.cpp in Sources */,
				8BDA55C11F8A60120042C4D9 /* PfCOglObject.cpp in Sources */,
				8BDA55C21F8A60120042C4D9 /* PfCOglShader.cpp in Sources */,
				8BDA55C31F8A60120042C4D9 /* PfCOglBitmap.cpp in Sources */,
				8BDA55C41F8A60120042C4D9 /* PfCOglTexture.cpp in Sources */,
				8BDA55C51F8A60120042C4D9 /* PfCOglCamera.cpp in Sources */,
				8BDA55C61F8A60120042C4D9 /* PfCOglModelAsset.cpp in Sources */,
				8B978E5C1F9DD34900BB2AA0 /* PfCOglBatch.cpp in Sources */,
				8BDA55C71F8A60120042C4D9 /* PfCOglModelInstance.cpp in Sources */,
				8B978E5D1F9DD34D00BB2AA0 /* PfCOglTriangleBatch.cpp in Sources */,
				8BDA55C81F8A60120042C4D9 /* PfCOglLight.cpp in Sources */,
				8B978E5A1F9DD33000BB2AA0 /* math3d.cpp in Sources */,
				8BDA55C91F8A60120042C4D9 /* glew.c in Sources */,
				8B978E5B1F9DD34200BB2AA0 /* PfCOglTool.cpp in Sources */,
				8BDA55CA1F8A60120042C4D9 /* platform_osx.mm in Sources */,
			);
			runOnlyForDeploymentPostprocessing = 0;
		};
/* End PBXSourcesBuildPhase section */

/* Begin PBXTargetDependency section */
		8B2DE6C31F25A042005E6D6C /* PBXTargetDependency */ = {
			isa = PBXTargetDependency;
			target = 8B2DE6A71F25A042005E6D6C /* PfcOgl */;
			targetProxy = 8B2DE6C21F25A042005E6D6C /* PBXContainerItemProxy */;
		};
		8B2DE6CE1F25A042005E6D6C /* PBXTargetDependency */ = {
			isa = PBXTargetDependency;
			target = 8B2DE6A71F25A042005E6D6C /* PfcOgl */;
			targetProxy = 8B2DE6CD1F25A042005E6D6C /* PBXContainerItemProxy */;
		};
/* End PBXTargetDependency section */

/* Begin XCBuildConfiguration section */
		8B2DE6D31F25A042005E6D6C /* Debug */ = {
			isa = XCBuildConfiguration;
			buildSettings = {
				ALWAYS_SEARCH_USER_PATHS = YES;
				CLANG_ANALYZER_NONNULL = YES;
				CLANG_ANALYZER_NUMBER_OBJECT_CONVERSION = YES_AGGRESSIVE;
				CLANG_CXX_LANGUAGE_STANDARD = "gnu++0x";
				CLANG_CXX_LIBRARY = "libc++";
				CLANG_ENABLE_MODULES = YES;
				CLANG_ENABLE_OBJC_ARC = YES;
				CLANG_WARN_BOOL_CONVERSION = YES;
				CLANG_WARN_CONSTANT_CONVERSION = YES;
				CLANG_WARN_DIRECT_OBJC_ISA_USAGE = YES_ERROR;
				CLANG_WARN_DOCUMENTATION_COMMENTS = YES;
				CLANG_WARN_EMPTY_BODY = YES;
				CLANG_WARN_ENUM_CONVERSION = YES;
				CLANG_WARN_INFINITE_RECURSION = YES;
				CLANG_WARN_INT_CONVERSION = YES;
				CLANG_WARN_OBJC_ROOT_CLASS = YES_ERROR;
				CLANG_WARN_SUSPICIOUS_MOVE = YES;
				CLANG_WARN_UNREACHABLE_CODE = YES;
				CLANG_WARN__DUPLICATE_METHOD_MATCH = YES;
				CODE_SIGN_IDENTITY = "-";
				COPY_PHASE_STRIP = NO;
				DEBUG_INFORMATION_FORMAT = dwarf;
				ENABLE_STRICT_OBJC_MSGSEND = YES;
				ENABLE_TESTABILITY = YES;
				GCC_C_LANGUAGE_STANDARD = gnu99;
				GCC_DYNAMIC_NO_PIC = NO;
				GCC_NO_COMMON_BLOCKS = YES;
				GCC_OPTIMIZATION_LEVEL = 0;
				GCC_PREPROCESSOR_DEFINITIONS = (
					"DEBUG=1",
					"$(inherited)",
				);
				GCC_WARN_64_TO_32_BIT_CONVERSION = YES;
				GCC_WARN_ABOUT_RETURN_TYPE = YES_ERROR;
				GCC_WARN_UNDECLARED_SELECTOR = YES;
				GCC_WARN_UNINITIALIZED_AUTOS = YES_AGGRESSIVE;
				GCC_WARN_UNUSED_FUNCTION = YES;
				GCC_WARN_UNUSED_VARIABLE = YES;
				HEADER_SEARCH_PATHS = "\"$(PROJECT_DIR)/common/thirdparty\"/**";
				LIBRARY_SEARCH_PATHS = "\"$(PROJECT_DIR)/common/platforms/osx\"";
				MACOSX_DEPLOYMENT_TARGET = 10.12;
				MTL_ENABLE_DEBUG_INFO = YES;
				ONLY_ACTIVE_ARCH = YES;
				SDKROOT = macosx;
			};
			name = Debug;
		};
		8B2DE6D41F25A042005E6D6C /* Release */ = {
			isa = XCBuildConfiguration;
			buildSettings = {
				ALWAYS_SEARCH_USER_PATHS = YES;
				CLANG_ANALYZER_NONNULL = YES;
				CLANG_ANALYZER_NUMBER_OBJECT_CONVERSION = YES_AGGRESSIVE;
				CLANG_CXX_LANGUAGE_STANDARD = "gnu++0x";
				CLANG_CXX_LIBRARY = "libc++";
				CLANG_ENABLE_MODULES = YES;
				CLANG_ENABLE_OBJC_ARC = YES;
				CLANG_WARN_BOOL_CONVERSION = YES;
				CLANG_WARN_CONSTANT_CONVERSION = YES;
				CLANG_WARN_DIRECT_OBJC_ISA_USAGE = YES_ERROR;
				CLANG_WARN_DOCUMENTATION_COMMENTS = YES;
				CLANG_WARN_EMPTY_BODY = YES;
				CLANG_WARN_ENUM_CONVERSION = YES;
				CLANG_WARN_INFINITE_RECURSION = YES;
				CLANG_WARN_INT_CONVERSION = YES;
				CLANG_WARN_OBJC_ROOT_CLASS = YES_ERROR;
				CLANG_WARN_SUSPICIOUS_MOVE = YES;
				CLANG_WARN_UNREACHABLE_CODE = YES;
				CLANG_WARN__DUPLICATE_METHOD_MATCH = YES;
				CODE_SIGN_IDENTITY = "-";
				COPY_PHASE_STRIP = NO;
				DEBUG_INFORMATION_FORMAT = "dwarf-with-dsym";
				ENABLE_NS_ASSERTIONS = NO;
				ENABLE_STRICT_OBJC_MSGSEND = YES;
				GCC_C_LANGUAGE_STANDARD = gnu99;
				GCC_NO_COMMON_BLOCKS = YES;
				GCC_WARN_64_TO_32_BIT_CONVERSION = YES;
				GCC_WARN_ABOUT_RETURN_TYPE = YES_ERROR;
				GCC_WARN_UNDECLARED_SELECTOR = YES;
				GCC_WARN_UNINITIALIZED_AUTOS = YES_AGGRESSIVE;
				GCC_WARN_UNUSED_FUNCTION = YES;
				GCC_WARN_UNUSED_VARIABLE = YES;
				HEADER_SEARCH_PATHS = "\"$(PROJECT_DIR)/common/thirdparty\"/**";
				LIBRARY_SEARCH_PATHS = "\"$(PROJECT_DIR)/common/platforms/osx\"";
				MACOSX_DEPLOYMENT_TARGET = 10.12;
				MTL_ENABLE_DEBUG_INFO = NO;
				SDKROOT = macosx;
			};
			name = Release;
		};
		8B2DE6D61F25A042005E6D6C /* Debug */ = {
			isa = XCBuildConfiguration;
			buildSettings = {
				CLANG_CXX_LANGUAGE_STANDARD = "c++0x";
				CLANG_CXX_LIBRARY = "compiler-default";
				CLANG_ENABLE_MODULES = NO;
				COMBINE_HIDPI_IMAGES = YES;
				DEVELOPMENT_TEAM = 89VKD6974F;
				GCC_C_LANGUAGE_STANDARD = "compiler-default";
				INFOPLIST_FILE = "";
				LD_RUNPATH_SEARCH_PATHS = "$(inherited)";
				LIBRARY_SEARCH_PATHS = (
					"$(inherited)",
					"$(PROJECT_DIR)/common/platforms/osx",
				);
				PRODUCT_BUNDLE_IDENTIFIER = com.yawei.PfcOgl;
				PRODUCT_NAME = "$(TARGET_NAME)";
			};
			name = Debug;
		};
		8B2DE6D71F25A042005E6D6C /* Release */ = {
			isa = XCBuildConfiguration;
			buildSettings = {
				CLANG_CXX_LANGUAGE_STANDARD = "c++0x";
				CLANG_CXX_LIBRARY = "compiler-default";
				CLANG_ENABLE_MODULES = NO;
				COMBINE_HIDPI_IMAGES = YES;
				DEVELOPMENT_TEAM = 89VKD6974F;
				GCC_C_LANGUAGE_STANDARD = "compiler-default";
				INFOPLIST_FILE = "";
				LD_RUNPATH_SEARCH_PATHS = "$(inherited)";
				LIBRARY_SEARCH_PATHS = (
					"$(inherited)",
					"$(PROJECT_DIR)/common/platforms/osx",
				);
				PRODUCT_BUNDLE_IDENTIFIER = com.yawei.PfcOgl;
				PRODUCT_NAME = "$(TARGET_NAME)";
			};
			name = Release;
		};
		8B2DE6D91F25A042005E6D6C /* Debug */ = {
			isa = XCBuildConfiguration;
			buildSettings = {
				BUNDLE_LOADER = "$(TEST_HOST)";
				COMBINE_HIDPI_IMAGES = YES;
				DEVELOPMENT_TEAM = 89VKD6974F;
				INFOPLIST_FILE = PfcOglTests/Info.plist;
				LD_RUNPATH_SEARCH_PATHS = "$(inherited) @executable_path/../Frameworks @loader_path/../Frameworks";
				PRODUCT_BUNDLE_IDENTIFIER = com.yawei.PfcOglTests;
				PRODUCT_NAME = "$(TARGET_NAME)";
				TEST_HOST = "$(BUILT_PRODUCTS_DIR)/PfcOgl.app/Contents/MacOS/PfcOgl";
			};
			name = Debug;
		};
		8B2DE6DA1F25A042005E6D6C /* Release */ = {
			isa = XCBuildConfiguration;
			buildSettings = {
				BUNDLE_LOADER = "$(TEST_HOST)";
				COMBINE_HIDPI_IMAGES = YES;
				DEVELOPMENT_TEAM = 89VKD6974F;
				INFOPLIST_FILE = PfcOglTests/Info.plist;
				LD_RUNPATH_SEARCH_PATHS = "$(inherited) @executable_path/../Frameworks @loader_path/../Frameworks";
				PRODUCT_BUNDLE_IDENTIFIER = com.yawei.PfcOglTests;
				PRODUCT_NAME = "$(TARGET_NAME)";
				TEST_HOST = "$(BUILT_PRODUCTS_DIR)/PfcOgl.app/Contents/MacOS/PfcOgl";
			};
			name = Release;
		};
		8B2DE6DC1F25A042005E6D6C /* Debug */ = {
			isa = XCBuildConfiguration;
			buildSettings = {
				COMBINE_HIDPI_IMAGES = YES;
				DEVELOPMENT_TEAM = 89VKD6974F;
				INFOPLIST_FILE = PfcOglUITests/Info.plist;
				LD_RUNPATH_SEARCH_PATHS = "$(inherited) @executable_path/../Frameworks @loader_path/../Frameworks";
				PRODUCT_BUNDLE_IDENTIFIER = com.yawei.PfcOglUITests;
				PRODUCT_NAME = "$(TARGET_NAME)";
				TEST_TARGET_NAME = PfcOgl;
			};
			name = Debug;
		};
		8B2DE6DD1F25A042005E6D6C /* Release */ = {
			isa = XCBuildConfiguration;
			buildSettings = {
				COMBINE_HIDPI_IMAGES = YES;
				DEVELOPMENT_TEAM = 89VKD6974F;
				INFOPLIST_FILE = PfcOglUITests/Info.plist;
				LD_RUNPATH_SEARCH_PATHS = "$(inherited) @executable_path/../Frameworks @loader_path/../Frameworks";
				PRODUCT_BUNDLE_IDENTIFIER = com.yawei.PfcOglUITests;
				PRODUCT_NAME = "$(TARGET_NAME)";
				TEST_TARGET_NAME = PfcOgl;
			};
			name = Release;
		};
		8B978E911F9DD66200BB2AA0 /* Debug */ = {
			isa = XCBuildConfiguration;
			buildSettings = {
				CLANG_CXX_LANGUAGE_STANDARD = "c++0x";
				CLANG_CXX_LIBRARY = "compiler-default";
				CLANG_ENABLE_MODULES = NO;
				COMBINE_HIDPI_IMAGES = YES;
				DEVELOPMENT_TEAM = 89VKD6974F;
				GCC_C_LANGUAGE_STANDARD = "compiler-default";
				INFOPLIST_FILE = "";
				LD_RUNPATH_SEARCH_PATHS = "$(inherited)";
				LIBRARY_SEARCH_PATHS = (
					"$(inherited)",
					"$(PROJECT_DIR)/common/platforms/osx",
				);
				PRODUCT_BUNDLE_IDENTIFIER = com.yawei.PfcOgl;
				PRODUCT_NAME = "$(TARGET_NAME)";
			};
			name = Debug;
		};
		8B978E921F9DD66200BB2AA0 /* Release */ = {
			isa = XCBuildConfiguration;
			buildSettings = {
				CLANG_CXX_LANGUAGE_STANDARD = "c++0x";
				CLANG_CXX_LIBRARY = "compiler-default";
				CLANG_ENABLE_MODULES = NO;
				COMBINE_HIDPI_IMAGES = YES;
				DEVELOPMENT_TEAM = 89VKD6974F;
				GCC_C_LANGUAGE_STANDARD = "compiler-default";
				INFOPLIST_FILE = "";
				LD_RUNPATH_SEARCH_PATHS = "$(inherited)";
				LIBRARY_SEARCH_PATHS = (
					"$(inherited)",
					"$(PROJECT_DIR)/common/platforms/osx",
				);
				PRODUCT_BUNDLE_IDENTIFIER = com.yawei.PfcOgl;
				PRODUCT_NAME = "$(TARGET_NAME)";
			};
			name = Release;
		};
		8B978EC11F9ED65B00BB2AA0 /* Debug */ = {
			isa = XCBuildConfiguration;
			buildSettings = {
				CLANG_CXX_LANGUAGE_STANDARD = "c++0x";
				CLANG_CXX_LIBRARY = "compiler-default";
				CLANG_ENABLE_MODULES = NO;
				COMBINE_HIDPI_IMAGES = YES;
				DEVELOPMENT_TEAM = 89VKD6974F;
				GCC_C_LANGUAGE_STANDARD = "compiler-default";
				INFOPLIST_FILE = "";
				LD_RUNPATH_SEARCH_PATHS = "$(inherited)";
				LIBRARY_SEARCH_PATHS = (
					"$(inherited)",
					"$(PROJECT_DIR)/common/platforms/osx",
				);
				PRODUCT_BUNDLE_IDENTIFIER = com.yawei.PfcOgl;
				PRODUCT_NAME = "$(TARGET_NAME)";
			};
			name = Debug;
		};
		8B978EC21F9ED65B00BB2AA0 /* Release */ = {
			isa = XCBuildConfiguration;
			buildSettings = {
				CLANG_CXX_LANGUAGE_STANDARD = "c++0x";
				CLANG_CXX_LIBRARY = "compiler-default";
				CLANG_ENABLE_MODULES = NO;
				COMBINE_HIDPI_IMAGES = YES;
				DEVELOPMENT_TEAM = 89VKD6974F;
				GCC_C_LANGUAGE_STANDARD = "compiler-default";
				INFOPLIST_FILE = "";
				LD_RUNPATH_SEARCH_PATHS = "$(inherited)";
				LIBRARY_SEARCH_PATHS = (
					"$(inherited)",
					"$(PROJECT_DIR)/common/platforms/osx",
				);
				PRODUCT_BUNDLE_IDENTIFIER = com.yawei.PfcOgl;
				PRODUCT_NAME = "$(TARGET_NAME)";
			};
			name = Release;
		};
		8B978EE41F9EE67A00BB2AA0 /* Debug */ = {
			isa = XCBuildConfiguration;
			buildSettings = {
				CLANG_CXX_LANGUAGE_STANDARD = "c++0x";
				CLANG_CXX_LIBRARY = "compiler-default";
				CLANG_ENABLE_MODULES = NO;
				COMBINE_HIDPI_IMAGES = YES;
				DEVELOPMENT_TEAM = 89VKD6974F;
				GCC_C_LANGUAGE_STANDARD = "compiler-default";
				INFOPLIST_FILE = "";
				LD_RUNPATH_SEARCH_PATHS = "$(inherited)";
				LIBRARY_SEARCH_PATHS = (
					"$(inherited)",
					"$(PROJECT_DIR)/common/platforms/osx",
				);
				PRODUCT_BUNDLE_IDENTIFIER = com.yawei.PfcOgl;
				PRODUCT_NAME = "$(TARGET_NAME)";
			};
			name = Debug;
		};
		8B978EE51F9EE67A00BB2AA0 /* Release */ = {
			isa = XCBuildConfiguration;
			buildSettings = {
				CLANG_CXX_LANGUAGE_STANDARD = "c++0x";
				CLANG_CXX_LIBRARY = "compiler-default";
				CLANG_ENABLE_MODULES = NO;
				COMBINE_HIDPI_IMAGES = YES;
				DEVELOPMENT_TEAM = 89VKD6974F;
				GCC_C_LANGUAGE_STANDARD = "compiler-default";
				INFOPLIST_FILE = "";
				LD_RUNPATH_SEARCH_PATHS = "$(inherited)";
				LIBRARY_SEARCH_PATHS = (
					"$(inherited)",
					"$(PROJECT_DIR)/common/platforms/osx",
				);
				PRODUCT_BUNDLE_IDENTIFIER = com.yawei.PfcOgl;
				PRODUCT_NAME = "$(TARGET_NAME)";
			};
			name = Release;
		};
		8B978F0B1FA2FEE900BB2AA0 /* Debug */ = {
			isa = XCBuildConfiguration;
			buildSettings = {
				CLANG_CXX_LANGUAGE_STANDARD = "c++0x";
				CLANG_CXX_LIBRARY = "compiler-default";
				CLANG_ENABLE_MODULES = NO;
				COMBINE_HIDPI_IMAGES = YES;
				DEVELOPMENT_TEAM = 89VKD6974F;
				GCC_C_LANGUAGE_STANDARD = "compiler-default";
				INFOPLIST_FILE = "";
				LD_RUNPATH_SEARCH_PATHS = "$(inherited)";
				LIBRARY_SEARCH_PATHS = (
					"$(inherited)",
					"$(PROJECT_DIR)/common/platforms/osx",
				);
				PRODUCT_BUNDLE_IDENTIFIER = com.yawei.PfcOgl;
				PRODUCT_NAME = "$(TARGET_NAME)";
			};
			name = Debug;
		};
		8B978F0C1FA2FEE900BB2AA0 /* Release */ = {
			isa = XCBuildConfiguration;
			buildSettings = {
				CLANG_CXX_LANGUAGE_STANDARD = "c++0x";
				CLANG_CXX_LIBRARY = "compiler-default";
				CLANG_ENABLE_MODULES = NO;
				COMBINE_HIDPI_IMAGES = YES;
				DEVELOPMENT_TEAM = 89VKD6974F;
				GCC_C_LANGUAGE_STANDARD = "compiler-default";
				INFOPLIST_FILE = "";
				LD_RUNPATH_SEARCH_PATHS = "$(inherited)";
				LIBRARY_SEARCH_PATHS = (
					"$(inherited)",
					"$(PROJECT_DIR)/common/platforms/osx",
				);
				PRODUCT_BUNDLE_IDENTIFIER = com.yawei.PfcOgl;
				PRODUCT_NAME = "$(TARGET_NAME)";
			};
			name = Release;
		};
		8BDA557A1F7E1B760042C4D9 /* Debug */ = {
			isa = XCBuildConfiguration;
			buildSettings = {
				CLANG_CXX_LANGUAGE_STANDARD = "c++0x";
				CLANG_CXX_LIBRARY = "compiler-default";
				CLANG_ENABLE_MODULES = NO;
				COMBINE_HIDPI_IMAGES = YES;
				DEVELOPMENT_TEAM = 89VKD6974F;
				GCC_C_LANGUAGE_STANDARD = "compiler-default";
				INFOPLIST_FILE = "";
				LD_RUNPATH_SEARCH_PATHS = "$(inherited)";
				LIBRARY_SEARCH_PATHS = (
					"$(inherited)",
					"$(PROJECT_DIR)/common/platforms/osx",
				);
				PRODUCT_BUNDLE_IDENTIFIER = com.yawei.PfcOgl;
				PRODUCT_NAME = "$(TARGET_NAME)";
			};
			name = Debug;
		};
		8BDA557B1F7E1B760042C4D9 /* Release */ = {
			isa = XCBuildConfiguration;
			buildSettings = {
				CLANG_CXX_LANGUAGE_STANDARD = "c++0x";
				CLANG_CXX_LIBRARY = "compiler-default";
				CLANG_ENABLE_MODULES = NO;
				COMBINE_HIDPI_IMAGES = YES;
				DEVELOPMENT_TEAM = 89VKD6974F;
				GCC_C_LANGUAGE_STANDARD = "compiler-default";
				INFOPLIST_FILE = "";
				LD_RUNPATH_SEARCH_PATHS = "$(inherited)";
				LIBRARY_SEARCH_PATHS = (
					"$(inherited)",
					"$(PROJECT_DIR)/common/platforms/osx",
				);
				PRODUCT_BUNDLE_IDENTIFIER = com.yawei.PfcOgl;
				PRODUCT_NAME = "$(TARGET_NAME)";
			};
			name = Release;
		};
		8BDA55D81F8A60120042C4D9 /* Debug */ = {
			isa = XCBuildConfiguration;
			buildSettings = {
				CLANG_CXX_LANGUAGE_STANDARD = "c++0x";
				CLANG_CXX_LIBRARY = "compiler-default";
				CLANG_ENABLE_MODULES = NO;
				COMBINE_HIDPI_IMAGES = YES;
				DEVELOPMENT_TEAM = 89VKD6974F;
				GCC_C_LANGUAGE_STANDARD = "compiler-default";
				INFOPLIST_FILE = "";
				LD_RUNPATH_SEARCH_PATHS = "$(inherited)";
				LIBRARY_SEARCH_PATHS = (
					"$(inherited)",
					"$(PROJECT_DIR)/common/platforms/osx",
				);
				PRODUCT_BUNDLE_IDENTIFIER = com.yawei.PfcOgl;
				PRODUCT_NAME = "$(TARGET_NAME)";
			};
			name = Debug;
		};
		8BDA55D91F8A60120042C4D9 /* Release */ = {
			isa = XCBuildConfiguration;
			buildSettings = {
				CLANG_CXX_LANGUAGE_STANDARD = "c++0x";
				CLANG_CXX_LIBRARY = "compiler-default";
				CLANG_ENABLE_MODULES = NO;
				COMBINE_HIDPI_IMAGES = YES;
				DEVELOPMENT_TEAM = 89VKD6974F;
				GCC_C_LANGUAGE_STANDARD = "compiler-default";
				INFOPLIST_FILE = "";
				LD_RUNPATH_SEARCH_PATHS = "$(inherited)";
				LIBRARY_SEARCH_PATHS = (
					"$(inherited)",
					"$(PROJECT_DIR)/common/platforms/osx",
				);
				PRODUCT_BUNDLE_IDENTIFIER = com.yawei.PfcOgl;
				PRODUCT_NAME = "$(TARGET_NAME)";
			};
			name = Release;
		};
/* End XCBuildConfiguration section */

/* Begin XCConfigurationList section */
		8B2DE6A31F25A042005E6D6C /* Build configuration list for PBXProject "PfcOgl" */ = {
			isa = XCConfigurationList;
			buildConfigurations = (
				8B2DE6D31F25A042005E6D6C /* Debug */,
				8B2DE6D41F25A042005E6D6C /* Release */,
			);
			defaultConfigurationIsVisible = 0;
			defaultConfigurationName = Release;
		};
		8B2DE6D51F25A042005E6D6C /* Build configuration list for PBXNativeTarget "PfcOgl" */ = {
			isa = XCConfigurationList;
			buildConfigurations = (
				8B2DE6D61F25A042005E6D6C /* Debug */,
				8B2DE6D71F25A042005E6D6C /* Release */,
			);
			defaultConfigurationIsVisible = 0;
			defaultConfigurationName = Release;
		};
		8B2DE6D81F25A042005E6D6C /* Build configuration list for PBXNativeTarget "PfcOglTests" */ = {
			isa = XCConfigurationList;
			buildConfigurations = (
				8B2DE6D91F25A042005E6D6C /* Debug */,
				8B2DE6DA1F25A042005E6D6C /* Release */,
			);
			defaultConfigurationIsVisible = 0;
			defaultConfigurationName = Release;
		};
		8B2DE6DB1F25A042005E6D6C /* Build configuration list for PBXNativeTarget "PfcOglUITests" */ = {
			isa = XCConfigurationList;
			buildConfigurations = (
				8B2DE6DC1F25A042005E6D6C /* Debug */,
				8B2DE6DD1F25A042005E6D6C /* Release */,
			);
			defaultConfigurationIsVisible = 0;
			defaultConfigurationName = Release;
		};
		8B978E901F9DD66200BB2AA0 /* Build configuration list for PBXNativeTarget "chapter2-triangle" */ = {
			isa = XCConfigurationList;
			buildConfigurations = (
				8B978E911F9DD66200BB2AA0 /* Debug */,
				8B978E921F9DD66200BB2AA0 /* Release */,
			);
			defaultConfigurationIsVisible = 0;
			defaultConfigurationName = Release;
		};
		8B978EC01F9ED65B00BB2AA0 /* Build configuration list for PBXNativeTarget "chapter2-move" */ = {
			isa = XCConfigurationList;
			buildConfigurations = (
				8B978EC11F9ED65B00BB2AA0 /* Debug */,
				8B978EC21F9ED65B00BB2AA0 /* Release */,
			);
			defaultConfigurationIsVisible = 0;
			defaultConfigurationName = Release;
		};
		8B978EE31F9EE67A00BB2AA0 /* Build configuration list for PBXNativeTarget "chapter3-primitives" */ = {
			isa = XCConfigurationList;
			buildConfigurations = (
				8B978EE41F9EE67A00BB2AA0 /* Debug */,
				8B978EE51F9EE67A00BB2AA0 /* Release */,
			);
			defaultConfigurationIsVisible = 0;
			defaultConfigurationName = Release;
		};
		8B978F0A1FA2FEE900BB2AA0 /* Build configuration list for PBXNativeTarget "chapter3-blending" */ = {
			isa = XCConfigurationList;
			buildConfigurations = (
				8B978F0B1FA2FEE900BB2AA0 /* Debug */,
				8B978F0C1FA2FEE900BB2AA0 /* Release */,
			);
			defaultConfigurationIsVisible = 0;
			defaultConfigurationName = Release;
		};
		8BDA55791F7E1B760042C4D9 /* Build configuration list for PBXNativeTarget "PfcOgl4.x" */ = {
			isa = XCConfigurationList;
			buildConfigurations = (
				8BDA557A1F7E1B760042C4D9 /* Debug */,
				8BDA557B1F7E1B760042C4D9 /* Release */,
			);
			defaultConfigurationIsVisible = 0;
			defaultConfigurationName = Release;
		};
		8BDA55D71F8A60120042C4D9 /* Build configuration list for PBXNativeTarget "primitives" */ = {
			isa = XCConfigurationList;
			buildConfigurations = (
				8BDA55D81F8A60120042C4D9 /* Debug */,
				8BDA55D91F8A60120042C4D9 /* Release */,
			);
			defaultConfigurationIsVisible = 0;
			defaultConfigurationName = Release;
		};
/* End XCConfigurationList section */
	};
	rootObject = 8B2DE6A01F25A042005E6D6C /* Project object */;
}
